// !$*UTF8*$!
{
	archiveVersion = 1;
	classes = {
	};
	objectVersion = 46;
	objects = {

/* Begin PBXBuildFile section */
		1F15F1011B20244200BC9299 /* Main.storyboard in Resources */ = {isa = PBXBuildFile; fileRef = 1F15F0FF1B20244200BC9299 /* Main.storyboard */; };
		1F15F1061B2026FA00BC9299 /* BusinessVC.swift in Sources */ = {isa = PBXBuildFile; fileRef = 1F15F1051B2026FA00BC9299 /* BusinessVC.swift */; };
		1F15F1081B2027B300BC9299 /* BusinessCell.swift in Sources */ = {isa = PBXBuildFile; fileRef = 1F15F1071B2027B300BC9299 /* BusinessCell.swift */; };
		1F18FC611BF0D39200608B37 /* area.plist in Resources */ = {isa = PBXBuildFile; fileRef = 1F18FC601BF0D39200608B37 /* area.plist */; };
		1F380C3D1B68792E0076ABB7 /* BaseInfoVC.swift in Sources */ = {isa = PBXBuildFile; fileRef = 1F380C3C1B68792E0076ABB7 /* BaseInfoVC.swift */; };
		1F380C3F1B687D7C0076ABB7 /* MyInfoData.swift in Sources */ = {isa = PBXBuildFile; fileRef = 1F380C3E1B687D7C0076ABB7 /* MyInfoData.swift */; };
		1F380C411B68E0480076ABB7 /* InfoListVC.swift in Sources */ = {isa = PBXBuildFile; fileRef = 1F380C401B68E0480076ABB7 /* InfoListVC.swift */; };
		1F380C431B6901E40076ABB7 /* ChangeHeadPictureVC.swift in Sources */ = {isa = PBXBuildFile; fileRef = 1F380C421B6901E40076ABB7 /* ChangeHeadPictureVC.swift */; };
		1F380C451B6902000076ABB7 /* ChangePasswordVC.swift in Sources */ = {isa = PBXBuildFile; fileRef = 1F380C441B6902000076ABB7 /* ChangePasswordVC.swift */; };
		1F380C511B69BD2A0076ABB7 /* ico_make.png in Resources */ = {isa = PBXBuildFile; fileRef = 1F380C4E1B69BD2A0076ABB7 /* ico_make.png */; };
		1F380C641B69CA430076ABB7 /* JSDropDownMenu.m in Sources */ = {isa = PBXBuildFile; fileRef = 1F380C631B69CA430076ABB7 /* JSDropDownMenu.m */; };
		1F380C691B6A4E1A0076ABB7 /* testTableViewController.swift in Sources */ = {isa = PBXBuildFile; fileRef = 1F380C681B6A4E1A0076ABB7 /* testTableViewController.swift */; };
		1F380C6B1B6AE44C0076ABB7 /* PackageItemVC.swift in Sources */ = {isa = PBXBuildFile; fileRef = 1F380C6A1B6AE44C0076ABB7 /* PackageItemVC.swift */; };
		1F380C6D1B6AE8E10076ABB7 /* OrderDetailVC.swift in Sources */ = {isa = PBXBuildFile; fileRef = 1F380C6C1B6AE8E10076ABB7 /* OrderDetailVC.swift */; };
		1F42B0751B5CED6300FB5BF3 /* ServiceItemData.swift in Sources */ = {isa = PBXBuildFile; fileRef = 1F42B0741B5CED6300FB5BF3 /* ServiceItemData.swift */; };
		1F4342F81B6079860005B59B /* CollectionVC.swift in Sources */ = {isa = PBXBuildFile; fileRef = 1F4342F71B6079860005B59B /* CollectionVC.swift */; };
		1F44786F1B9E7F0B00ED8B8A /* check.png in Resources */ = {isa = PBXBuildFile; fileRef = 1F44786E1B9E7F0B00ED8B8A /* check.png */; };
		1F4478721B9E831900ED8B8A /* city.js in Resources */ = {isa = PBXBuildFile; fileRef = 1F4478701B9E831900ED8B8A /* city.js */; };
		1F4478731B9E831900ED8B8A /* CityHandle.swift in Sources */ = {isa = PBXBuildFile; fileRef = 1F4478711B9E831900ED8B8A /* CityHandle.swift */; };
		1F4478751B9E832E00ED8B8A /* CityModel.swift in Sources */ = {isa = PBXBuildFile; fileRef = 1F4478741B9E832E00ED8B8A /* CityModel.swift */; };
		1F4478771B9E834100ED8B8A /* LocationViewController.swift in Sources */ = {isa = PBXBuildFile; fileRef = 1F4478761B9E834000ED8B8A /* LocationViewController.swift */; };
		1F4478791B9FEAE300ED8B8A /* u4.png in Resources */ = {isa = PBXBuildFile; fileRef = 1F4478781B9FEAE300ED8B8A /* u4.png */; };
		1F46A1761B5B7675000F455B /* WorkerVC.swift in Sources */ = {isa = PBXBuildFile; fileRef = 1F46A1751B5B7675000F455B /* WorkerVC.swift */; };
		1F46A1781B5B77E2000F455B /* ServantData.swift in Sources */ = {isa = PBXBuildFile; fileRef = 1F46A1771B5B77E2000F455B /* ServantData.swift */; };
		1F47814E1B59F86C002FFECD /* CollectionData.swift in Sources */ = {isa = PBXBuildFile; fileRef = 1F47814D1B59F86C002FFECD /* CollectionData.swift */; };
		1F483D801B5DD36B00E8A871 /* CommonItemVC.swift in Sources */ = {isa = PBXBuildFile; fileRef = 1F483D7F1B5DD36B00E8A871 /* CommonItemVC.swift */; };
		1F49906A1B8492AA004B4733 /* OCContainerHeader.h in Sources */ = {isa = PBXBuildFile; fileRef = 1F380C611B69C9CD0076ABB7 /* OCContainerHeader.h */; };
		1F4B4B7F1B32AEE000265C6B /* reserveTableViewCell.swift in Sources */ = {isa = PBXBuildFile; fileRef = 1F4B4B7C1B32AEE000265C6B /* reserveTableViewCell.swift */; };
		1F4B4B801B32AEE000265C6B /* reserveTableViewController.swift in Sources */ = {isa = PBXBuildFile; fileRef = 1F4B4B7D1B32AEE000265C6B /* reserveTableViewController.swift */; };
		1F4B4B811B32AEE000265C6B /* reserveViewController.swift in Sources */ = {isa = PBXBuildFile; fileRef = 1F4B4B7E1B32AEE000265C6B /* reserveViewController.swift */; };
		1F4B4B831B32B25B00265C6B /* CollectionTVC.swift in Sources */ = {isa = PBXBuildFile; fileRef = 1F4B4B821B32B25B00265C6B /* CollectionTVC.swift */; };
		1F5216EE1B2989EC00EFE2C6 /* DetailVC.swift in Sources */ = {isa = PBXBuildFile; fileRef = 1F5216ED1B2989EC00EFE2C6 /* DetailVC.swift */; };
		1F53AD441B7E2A0F007BA581 /* MapKit.framework in Frameworks */ = {isa = PBXBuildFile; fileRef = 1F53AD431B7E2A0F007BA581 /* MapKit.framework */; };
		1F55B21B1B7D8FBE00B4D655 /* CoreLocation.framework in Frameworks */ = {isa = PBXBuildFile; fileRef = 1F55B21A1B7D8FBE00B4D655 /* CoreLocation.framework */; };
		1F65B82B1B3AE14C0051270E /* Maintwo.swift in Sources */ = {isa = PBXBuildFile; fileRef = 1F65B82A1B3AE14C0051270E /* Maintwo.swift */; };
		1F68E1181B808598002DBE33 /* SystemConfiguration.framework in Frameworks */ = {isa = PBXBuildFile; fileRef = 1F68E1171B808598002DBE33 /* SystemConfiguration.framework */; };
		1F68E11A1B8085A1002DBE33 /* QuartzCore.framework in Frameworks */ = {isa = PBXBuildFile; fileRef = 1F68E1191B8085A1002DBE33 /* QuartzCore.framework */; };
		1F68E11C1B8085B1002DBE33 /* libz.dylib in Frameworks */ = {isa = PBXBuildFile; fileRef = 1F68E11B1B8085B1002DBE33 /* libz.dylib */; };
		1F68E11E1B8085BF002DBE33 /* CoreText.framework in Frameworks */ = {isa = PBXBuildFile; fileRef = 1F68E11D1B8085BF002DBE33 /* CoreText.framework */; };
		1F68E1201B8085CB002DBE33 /* CoreTelephony.framework in Frameworks */ = {isa = PBXBuildFile; fileRef = 1F68E11F1B8085CB002DBE33 /* CoreTelephony.framework */; };
		1F68E1221B8085D7002DBE33 /* Foundation.framework in Frameworks */ = {isa = PBXBuildFile; fileRef = 1F68E1211B8085D7002DBE33 /* Foundation.framework */; };
		1F68E1241B8085E4002DBE33 /* CoreGraphics.framework in Frameworks */ = {isa = PBXBuildFile; fileRef = 1F68E1231B8085E4002DBE33 /* CoreGraphics.framework */; };
		1F68E1261B8085F8002DBE33 /* UIKit.framework in Frameworks */ = {isa = PBXBuildFile; fileRef = 1F68E1251B8085F8002DBE33 /* UIKit.framework */; };
		1F7974DC1B2E79100052EED2 /* BusinessDVC.swift in Sources */ = {isa = PBXBuildFile; fileRef = 1F7974DB1B2E79100052EED2 /* BusinessDVC.swift */; };
		1F7974F21B2EA90B0052EED2 /* WebVC.swift in Sources */ = {isa = PBXBuildFile; fileRef = 1F7974F11B2EA90B0052EED2 /* WebVC.swift */; };
		1F7975141B2EC1840052EED2 /* LoginVC.swift in Sources */ = {isa = PBXBuildFile; fileRef = 1F7975121B2EC1840052EED2 /* LoginVC.swift */; };
		1F7A38D31B08E47800776F4F /* MainVC.swift in Sources */ = {isa = PBXBuildFile; fileRef = 1F7A38D21B08E47800776F4F /* MainVC.swift */; };
		1F84A9641B71A7B500FE8B85 /* Register.swift in Sources */ = {isa = PBXBuildFile; fileRef = 1F84A9631B71A7B500FE8B85 /* Register.swift */; };
		1F84A9661B71E32300FE8B85 /* PackageOrder.swift in Sources */ = {isa = PBXBuildFile; fileRef = 1F84A9651B71E32300FE8B85 /* PackageOrder.swift */; };
		1F84A9691B71E7C100FE8B85 /* CommonOrder.swift in Sources */ = {isa = PBXBuildFile; fileRef = 1F84A9681B71E7C100FE8B85 /* CommonOrder.swift */; };
		1F84A96B1B7239D800FE8B85 /* PayVC.swift in Sources */ = {isa = PBXBuildFile; fileRef = 1F84A96A1B7239D800FE8B85 /* PayVC.swift */; };
		1F84A96D1B72406500FE8B85 /* OrderData.swift in Sources */ = {isa = PBXBuildFile; fileRef = 1F84A96C1B72406500FE8B85 /* OrderData.swift */; };
		1F84A96F1B72E63A00FE8B85 /* EvaluateVC.swift in Sources */ = {isa = PBXBuildFile; fileRef = 1F84A96E1B72E63A00FE8B85 /* EvaluateVC.swift */; };
		1F84A9711B737C4D00FE8B85 /* CommentVC.swift in Sources */ = {isa = PBXBuildFile; fileRef = 1F84A9701B737C4D00FE8B85 /* CommentVC.swift */; };
		1F84A9771B7384C700FE8B85 /* CommentTCell.swift in Sources */ = {isa = PBXBuildFile; fileRef = 1F84A9761B7384C700FE8B85 /* CommentTCell.swift */; };
		1F8FE1C71B58941B00D3B877 /* FacilitatorInfo.swift in Sources */ = {isa = PBXBuildFile; fileRef = 1F8FE1C61B58941B00D3B877 /* FacilitatorInfo.swift */; };
		1F90056F1B311A6900A63ED5 /* FinishTVController.swift in Sources */ = {isa = PBXBuildFile; fileRef = 1F90056C1B311A6900A63ED5 /* FinishTVController.swift */; };
		1F9005701B311A6900A63ED5 /* FinishViewController.swift in Sources */ = {isa = PBXBuildFile; fileRef = 1F90056D1B311A6900A63ED5 /* FinishViewController.swift */; };
		1F9005711B311A6900A63ED5 /* FinishTVCell.swift in Sources */ = {isa = PBXBuildFile; fileRef = 1F90056E1B311A6900A63ED5 /* FinishTVCell.swift */; };
		1F9005751B316DBC00A63ED5 /* workerTableViewCell.swift in Sources */ = {isa = PBXBuildFile; fileRef = 1F9005721B316DBC00A63ED5 /* workerTableViewCell.swift */; };
		1F9005761B316DBC00A63ED5 /* workerViewController.swift in Sources */ = {isa = PBXBuildFile; fileRef = 1F9005731B316DBC00A63ED5 /* workerViewController.swift */; };
		1F90C2E81B422E27008618B4 /* erweimaViewController.swift in Sources */ = {isa = PBXBuildFile; fileRef = 1F90C2E71B422E27008618B4 /* erweimaViewController.swift */; };
		1F9D214A1B7C7E460030516C /* PackageData.swift in Sources */ = {isa = PBXBuildFile; fileRef = 1F9D21491B7C7E460030516C /* PackageData.swift */; };
		1F9D214C1B7C821D0030516C /* PackaVC.swift in Sources */ = {isa = PBXBuildFile; fileRef = 1F9D214B1B7C821D0030516C /* PackaVC.swift */; };
		1FA1045F1B85A93700BD9AC5 /* APAuthV2Info.m in Sources */ = {isa = PBXBuildFile; fileRef = 1FA1045B1B85A93700BD9AC5 /* APAuthV2Info.m */; };
		1FA104601B85A93700BD9AC5 /* Order.m in Sources */ = {isa = PBXBuildFile; fileRef = 1FA1045E1B85A93700BD9AC5 /* Order.m */; };
		1FA104651B85A94F00BD9AC5 /* AlipayMethod.m in Sources */ = {isa = PBXBuildFile; fileRef = 1FA104621B85A94F00BD9AC5 /* AlipayMethod.m */; };
		1FA104661B85A94F00BD9AC5 /* PayInfo.m in Sources */ = {isa = PBXBuildFile; fileRef = 1FA104641B85A94F00BD9AC5 /* PayInfo.m */; };
		1FA104691B85A9A100BD9AC5 /* AlipaySDK.framework in Frameworks */ = {isa = PBXBuildFile; fileRef = 1FA104671B85A9A100BD9AC5 /* AlipaySDK.framework */; };
		1FA1046A1B85A9A100BD9AC5 /* AlipaySDK.bundle in Resources */ = {isa = PBXBuildFile; fileRef = 1FA104681B85A9A100BD9AC5 /* AlipaySDK.bundle */; };
		1FA1046B1B85A9B400BD9AC5 /* AlipaySDK.bundle in Frameworks */ = {isa = PBXBuildFile; fileRef = 1FA104681B85A9A100BD9AC5 /* AlipaySDK.bundle */; };
		1FA1046E1B85A9F700BD9AC5 /* libcrypto.a in Frameworks */ = {isa = PBXBuildFile; fileRef = 1FA1046C1B85A9F700BD9AC5 /* libcrypto.a */; };
		1FA1046F1B85A9F700BD9AC5 /* libssl.a in Frameworks */ = {isa = PBXBuildFile; fileRef = 1FA1046D1B85A9F700BD9AC5 /* libssl.a */; };
		1FA104731B85AA5400BD9AC5 /* openssl in Resources */ = {isa = PBXBuildFile; fileRef = 1FA104721B85AA5400BD9AC5 /* openssl */; };
		1FA104751B85AADE00BD9AC5 /* Util in Resources */ = {isa = PBXBuildFile; fileRef = 1FA104741B85AADE00BD9AC5 /* Util */; };
		1FA1047E1B85AB0800BD9AC5 /* DataSigner.h in Sources */ = {isa = PBXBuildFile; fileRef = 1FA104761B85AB0800BD9AC5 /* DataSigner.h */; };
		1FA1047F1B85AB0800BD9AC5 /* DataSigner.m in Sources */ = {isa = PBXBuildFile; fileRef = 1FA104771B85AB0800BD9AC5 /* DataSigner.m */; };
		1FA104801B85AB0800BD9AC5 /* DataVerifier.h in Sources */ = {isa = PBXBuildFile; fileRef = 1FA104781B85AB0800BD9AC5 /* DataVerifier.h */; };
		1FA104811B85AB0800BD9AC5 /* DataVerifier.m in Sources */ = {isa = PBXBuildFile; fileRef = 1FA104791B85AB0800BD9AC5 /* DataVerifier.m */; };
		1FA104821B85AB0800BD9AC5 /* RSADataSigner.h in Sources */ = {isa = PBXBuildFile; fileRef = 1FA1047A1B85AB0800BD9AC5 /* RSADataSigner.h */; };
		1FA104831B85AB0800BD9AC5 /* RSADataSigner.m in Sources */ = {isa = PBXBuildFile; fileRef = 1FA1047B1B85AB0800BD9AC5 /* RSADataSigner.m */; };
		1FA104841B85AB0800BD9AC5 /* RSADataVerifier.h in Sources */ = {isa = PBXBuildFile; fileRef = 1FA1047C1B85AB0800BD9AC5 /* RSADataVerifier.h */; };
		1FA104851B85AB0800BD9AC5 /* RSADataVerifier.m in Sources */ = {isa = PBXBuildFile; fileRef = 1FA1047D1B85AB0800BD9AC5 /* RSADataVerifier.m */; };
		1FA104931B85AB4D00BD9AC5 /* base64.h in Sources */ = {isa = PBXBuildFile; fileRef = 1FA104861B85AB4D00BD9AC5 /* base64.h */; };
		1FA104941B85AB4D00BD9AC5 /* base64.m in Sources */ = {isa = PBXBuildFile; fileRef = 1FA104871B85AB4D00BD9AC5 /* base64.m */; };
		1FA104951B85AB4D00BD9AC5 /* config.h in Sources */ = {isa = PBXBuildFile; fileRef = 1FA104881B85AB4D00BD9AC5 /* config.h */; };
		1FA104961B85AB4D00BD9AC5 /* MD5DataSigner.h in Sources */ = {isa = PBXBuildFile; fileRef = 1FA1048D1B85AB4D00BD9AC5 /* MD5DataSigner.h */; };
		1FA104971B85AB4D00BD9AC5 /* MD5DataSigner.m in Sources */ = {isa = PBXBuildFile; fileRef = 1FA1048E1B85AB4D00BD9AC5 /* MD5DataSigner.m */; };
		1FA104981B85AB4D00BD9AC5 /* NSDataEx.h in Sources */ = {isa = PBXBuildFile; fileRef = 1FA1048F1B85AB4D00BD9AC5 /* NSDataEx.h */; };
		1FA104991B85AB4D00BD9AC5 /* NSDataEx.m in Sources */ = {isa = PBXBuildFile; fileRef = 1FA104901B85AB4D00BD9AC5 /* NSDataEx.m */; };
		1FA1049A1B85AB4D00BD9AC5 /* openssl_wrapper.h in Sources */ = {isa = PBXBuildFile; fileRef = 1FA104911B85AB4D00BD9AC5 /* openssl_wrapper.h */; };
		1FA1049B1B85AB4D00BD9AC5 /* openssl_wrapper.m in Sources */ = {isa = PBXBuildFile; fileRef = 1FA104921B85AB4D00BD9AC5 /* openssl_wrapper.m */; };
		1FA91D571B591D240093BE58 /* MainVCdata.swift in Sources */ = {isa = PBXBuildFile; fileRef = 1FA91D561B591D240093BE58 /* MainVCdata.swift */; };
		1FA91D5D1B593D280093BE58 /* reserveData.swift in Sources */ = {isa = PBXBuildFile; fileRef = 1FA91D5C1B593D280093BE58 /* reserveData.swift */; };
		1FAC76A61BA26F4F00ABCB6E /* LeftViewController.swift in Sources */ = {isa = PBXBuildFile; fileRef = 1FAC76A51BA26F4F00ABCB6E /* LeftViewController.swift */; };
		1FAE5FC21BAF13DB00C86F3A /* YHPickView.m in Sources */ = {isa = PBXBuildFile; fileRef = 1FAE5FBF1BAF13DB00C86F3A /* YHPickView.m */; };
		1FAE5FCC1BAF2BEA00C86F3A /* icon.png in Resources */ = {isa = PBXBuildFile; fileRef = 1FAE5FCB1BAF2BEA00C86F3A /* icon.png */; };
		1FAE5FD21BAF322B00C86F3A /* Images.xcassets in Resources */ = {isa = PBXBuildFile; fileRef = 1FAE5FD11BAF322B00C86F3A /* Images.xcassets */; };
		1FAE5FDB1BB1006900C86F3A /* check.png in Sources */ = {isa = PBXBuildFile; fileRef = 1F44786E1B9E7F0B00ED8B8A /* check.png */; };
		1FAE5FE31BB1021C00C86F3A /* test.mm in Sources */ = {isa = PBXBuildFile; fileRef = 1FAE5FE21BB1021C00C86F3A /* test.mm */; };
		1FAE5FE51BB19F2F00C86F3A /* mapapi.bundle in Resources */ = {isa = PBXBuildFile; fileRef = 1FAE5FE41BB19F2F00C86F3A /* mapapi.bundle */; };
		1FAE5FE71BB19F4700C86F3A /* BaiduMapAPI.framework in Frameworks */ = {isa = PBXBuildFile; fileRef = 1FAE5FE61BB19F4700C86F3A /* BaiduMapAPI.framework */; };
		1FAE5FE91BB19FBD00C86F3A /* beifen.swift in Sources */ = {isa = PBXBuildFile; fileRef = 1FAE5FE81BB19FBD00C86F3A /* beifen.swift */; };
		1FAE5FEB1BB24EB800C86F3A /* Security.framework in Frameworks */ = {isa = PBXBuildFile; fileRef = 1FAE5FEA1BB24EB800C86F3A /* Security.framework */; };
		1FAE5FED1BB286CA00C86F3A /* icon_120.png in Resources */ = {isa = PBXBuildFile; fileRef = 1FAE5FEC1BB286CA00C86F3A /* icon_120.png */; };
		1FAE5FEF1BB28A5700C86F3A /* LaunchImage.png in Resources */ = {isa = PBXBuildFile; fileRef = 1FAE5FEE1BB28A5700C86F3A /* LaunchImage.png */; };
		1FAE5FF71BB28EAD00C86F3A /* LaunchScreen.xib in Resources */ = {isa = PBXBuildFile; fileRef = 1FAE5FF51BB28EAD00C86F3A /* LaunchScreen.xib */; };
		1FAE5FFD1BB2943B00C86F3A /* Launch7_2X.png in Resources */ = {isa = PBXBuildFile; fileRef = 1FAE5FF81BB2943B00C86F3A /* Launch7_2X.png */; };
		1FAE5FFE1BB2943B00C86F3A /* Launch7_2X.png in Resources */ = {isa = PBXBuildFile; fileRef = 1FAE5FF81BB2943B00C86F3A /* Launch7_2X.png */; };
		1FAE5FFF1BB2943B00C86F3A /* Launch8_4.7.png in Resources */ = {isa = PBXBuildFile; fileRef = 1FAE5FF91BB2943B00C86F3A /* Launch8_4.7.png */; };
		1FAE60001BB2943B00C86F3A /* Launch8_4.7.png in Resources */ = {isa = PBXBuildFile; fileRef = 1FAE5FF91BB2943B00C86F3A /* Launch8_4.7.png */; };
		1FAE60011BB2943B00C86F3A /* Launch8_5.5.png in Resources */ = {isa = PBXBuildFile; fileRef = 1FAE5FFA1BB2943B00C86F3A /* Launch8_5.5.png */; };
		1FAE60021BB2943B00C86F3A /* Launch8_5.5.png in Resources */ = {isa = PBXBuildFile; fileRef = 1FAE5FFA1BB2943B00C86F3A /* Launch8_5.5.png */; };
		1FAE60031BB2943B00C86F3A /* LaunchHD_5.5.png in Resources */ = {isa = PBXBuildFile; fileRef = 1FAE5FFB1BB2943B00C86F3A /* LaunchHD_5.5.png */; };
		1FAE60041BB2943B00C86F3A /* LaunchHD_5.5.png in Resources */ = {isa = PBXBuildFile; fileRef = 1FAE5FFB1BB2943B00C86F3A /* LaunchHD_5.5.png */; };
		1FAE60051BB2943B00C86F3A /* LaunchHD_retina.png in Resources */ = {isa = PBXBuildFile; fileRef = 1FAE5FFC1BB2943B00C86F3A /* LaunchHD_retina.png */; };
		1FAE60061BB2943B00C86F3A /* LaunchHD_retina.png in Resources */ = {isa = PBXBuildFile; fileRef = 1FAE5FFC1BB2943B00C86F3A /* LaunchHD_retina.png */; };
		1FAE60081BB2948400C86F3A /* Images-2.xcassets in Resources */ = {isa = PBXBuildFile; fileRef = 1FAE60071BB2948400C86F3A /* Images-2.xcassets */; };
		1FC530071BA94D95006B1A7C /* HYBImageLoader.swift in Sources */ = {isa = PBXBuildFile; fileRef = 1FC530051BA94D95006B1A7C /* HYBImageLoader.swift */; };
		1FC530081BA94D95006B1A7C /* HYBLoadingImageView.swift in Sources */ = {isa = PBXBuildFile; fileRef = 1FC530061BA94D95006B1A7C /* HYBLoadingImageView.swift */; };
		1FC5300F1BA96C7D006B1A7C /* ZYHWebImage.swift in Sources */ = {isa = PBXBuildFile; fileRef = 1FC5300D1BA96C7D006B1A7C /* ZYHWebImage.swift */; };
		1FC530101BA96C7D006B1A7C /* ZYHWebImageChcheCenter.swift in Sources */ = {isa = PBXBuildFile; fileRef = 1FC5300E1BA96C7D006B1A7C /* ZYHWebImageChcheCenter.swift */; };
		1FC5307D1BAACEA1006B1A7C /* NSString+URL.m in Sources */ = {isa = PBXBuildFile; fileRef = 1FC5307C1BAACEA1006B1A7C /* NSString+URL.m */; };
		1FC5307F1BABD80A006B1A7C /* RefundVC.swift in Sources */ = {isa = PBXBuildFile; fileRef = 1FC5307E1BABD80A006B1A7C /* RefundVC.swift */; };
		1FC530811BAC267F006B1A7C /* AlterRefund.swift in Sources */ = {isa = PBXBuildFile; fileRef = 1FC530801BAC267F006B1A7C /* AlterRefund.swift */; };
		1FC530831BAC5FA8006B1A7C /* RefundDetailVC.swift in Sources */ = {isa = PBXBuildFile; fileRef = 1FC530821BAC5FA8006B1A7C /* RefundDetailVC.swift */; };
		1FCA00D51B4BFA1800A5EE51 /* finishiorder.swift in Sources */ = {isa = PBXBuildFile; fileRef = 1FCA00D41B4BFA1800A5EE51 /* finishiorder.swift */; };
		F806DA6A1B083CAF00BA6DCD /* AppDelegate.swift in Sources */ = {isa = PBXBuildFile; fileRef = F806DA691B083CAF00BA6DCD /* AppDelegate.swift */; };
		F806DA801B083CAF00BA6DCD /* SHWTests.swift in Sources */ = {isa = PBXBuildFile; fileRef = F806DA7F1B083CAF00BA6DCD /* SHWTests.swift */; };
		F862F2961B08A05A001093D3 /* CollectCell.swift in Sources */ = {isa = PBXBuildFile; fileRef = F862F2921B08A05A001093D3 /* CollectCell.swift */; };
		F862F29D1B08A100001093D3 /* AllDate.swift in Sources */ = {isa = PBXBuildFile; fileRef = F862F29C1B08A100001093D3 /* AllDate.swift */; };
/* End PBXBuildFile section */

/* Begin PBXContainerItemProxy section */
		F806DA7A1B083CAF00BA6DCD /* PBXContainerItemProxy */ = {
			isa = PBXContainerItemProxy;
			containerPortal = F806DA5C1B083CAF00BA6DCD /* Project object */;
			proxyType = 1;
			remoteGlobalIDString = F806DA631B083CAF00BA6DCD;
			remoteInfo = SHW;
		};
/* End PBXContainerItemProxy section */

/* Begin PBXFileReference section */
		1F10BE0E1B65BB2E00F028CB /* MyPlayground.playground */ = {isa = PBXFileReference; lastKnownFileType = file.playground; path = MyPlayground.playground; sourceTree = "<group>"; };
		1F15F1001B20244200BC9299 /* Base */ = {isa = PBXFileReference; lastKnownFileType = file.storyboard; name = Base; path = Base.lproj/Main.storyboard; sourceTree = "<group>"; };
		1F15F1051B2026FA00BC9299 /* BusinessVC.swift */ = {isa = PBXFileReference; fileEncoding = 4; lastKnownFileType = sourcecode.swift; path = BusinessVC.swift; sourceTree = "<group>"; };
		1F15F1071B2027B300BC9299 /* BusinessCell.swift */ = {isa = PBXFileReference; fileEncoding = 4; lastKnownFileType = sourcecode.swift; path = BusinessCell.swift; sourceTree = "<group>"; };
		1F18FC601BF0D39200608B37 /* area.plist */ = {isa = PBXFileReference; fileEncoding = 4; lastKnownFileType = text.plist.xml; path = area.plist; sourceTree = "<group>"; };
		1F380C3C1B68792E0076ABB7 /* BaseInfoVC.swift */ = {isa = PBXFileReference; fileEncoding = 4; lastKnownFileType = sourcecode.swift; path = BaseInfoVC.swift; sourceTree = "<group>"; };
		1F380C3E1B687D7C0076ABB7 /* MyInfoData.swift */ = {isa = PBXFileReference; fileEncoding = 4; lastKnownFileType = sourcecode.swift; path = MyInfoData.swift; sourceTree = "<group>"; };
		1F380C401B68E0480076ABB7 /* InfoListVC.swift */ = {isa = PBXFileReference; fileEncoding = 4; lastKnownFileType = sourcecode.swift; path = InfoListVC.swift; sourceTree = "<group>"; };
		1F380C421B6901E40076ABB7 /* ChangeHeadPictureVC.swift */ = {isa = PBXFileReference; fileEncoding = 4; lastKnownFileType = sourcecode.swift; path = ChangeHeadPictureVC.swift; sourceTree = "<group>"; };
		1F380C441B6902000076ABB7 /* ChangePasswordVC.swift */ = {isa = PBXFileReference; fileEncoding = 4; lastKnownFileType = sourcecode.swift; path = ChangePasswordVC.swift; sourceTree = "<group>"; };
		1F380C4E1B69BD2A0076ABB7 /* ico_make.png */ = {isa = PBXFileReference; lastKnownFileType = image.png; path = ico_make.png; sourceTree = "<group>"; };
		1F380C611B69C9CD0076ABB7 /* OCContainerHeader.h */ = {isa = PBXFileReference; fileEncoding = 4; lastKnownFileType = sourcecode.c.h; path = OCContainerHeader.h; sourceTree = "<group>"; };
		1F380C621B69CA430076ABB7 /* JSDropDownMenu.h */ = {isa = PBXFileReference; fileEncoding = 4; lastKnownFileType = sourcecode.c.h; path = JSDropDownMenu.h; sourceTree = "<group>"; };
		1F380C631B69CA430076ABB7 /* JSDropDownMenu.m */ = {isa = PBXFileReference; fileEncoding = 4; lastKnownFileType = sourcecode.c.objc; path = JSDropDownMenu.m; sourceTree = "<group>"; };
		1F380C681B6A4E1A0076ABB7 /* testTableViewController.swift */ = {isa = PBXFileReference; fileEncoding = 4; lastKnownFileType = sourcecode.swift; path = testTableViewController.swift; sourceTree = "<group>"; };
		1F380C6A1B6AE44C0076ABB7 /* PackageItemVC.swift */ = {isa = PBXFileReference; fileEncoding = 4; lastKnownFileType = sourcecode.swift; path = PackageItemVC.swift; sourceTree = "<group>"; };
		1F380C6C1B6AE8E10076ABB7 /* OrderDetailVC.swift */ = {isa = PBXFileReference; fileEncoding = 4; lastKnownFileType = sourcecode.swift; path = OrderDetailVC.swift; sourceTree = "<group>"; };
		1F42B0741B5CED6300FB5BF3 /* ServiceItemData.swift */ = {isa = PBXFileReference; fileEncoding = 4; lastKnownFileType = sourcecode.swift; path = ServiceItemData.swift; sourceTree = "<group>"; };
		1F4342F71B6079860005B59B /* CollectionVC.swift */ = {isa = PBXFileReference; fileEncoding = 4; lastKnownFileType = sourcecode.swift; path = CollectionVC.swift; sourceTree = "<group>"; };
		1F44786E1B9E7F0B00ED8B8A /* check.png */ = {isa = PBXFileReference; lastKnownFileType = image.png; path = check.png; sourceTree = "<group>"; };
		1F4478701B9E831900ED8B8A /* city.js */ = {isa = PBXFileReference; fileEncoding = 4; lastKnownFileType = sourcecode.javascript; path = city.js; sourceTree = "<group>"; };
		1F4478711B9E831900ED8B8A /* CityHandle.swift */ = {isa = PBXFileReference; fileEncoding = 4; lastKnownFileType = sourcecode.swift; path = CityHandle.swift; sourceTree = "<group>"; };
		1F4478741B9E832E00ED8B8A /* CityModel.swift */ = {isa = PBXFileReference; fileEncoding = 4; lastKnownFileType = sourcecode.swift; path = CityModel.swift; sourceTree = "<group>"; };
		1F4478761B9E834000ED8B8A /* LocationViewController.swift */ = {isa = PBXFileReference; fileEncoding = 4; lastKnownFileType = sourcecode.swift; path = LocationViewController.swift; sourceTree = "<group>"; };
		1F4478781B9FEAE300ED8B8A /* u4.png */ = {isa = PBXFileReference; lastKnownFileType = image.png; name = u4.png; path = "图标/u4.png"; sourceTree = "<group>"; };
		1F46A1751B5B7675000F455B /* WorkerVC.swift */ = {isa = PBXFileReference; fileEncoding = 4; lastKnownFileType = sourcecode.swift; path = WorkerVC.swift; sourceTree = "<group>"; };
		1F46A1771B5B77E2000F455B /* ServantData.swift */ = {isa = PBXFileReference; fileEncoding = 4; lastKnownFileType = sourcecode.swift; path = ServantData.swift; sourceTree = "<group>"; };
		1F47814D1B59F86C002FFECD /* CollectionData.swift */ = {isa = PBXFileReference; fileEncoding = 4; lastKnownFileType = sourcecode.swift; path = CollectionData.swift; sourceTree = "<group>"; };
		1F483D7F1B5DD36B00E8A871 /* CommonItemVC.swift */ = {isa = PBXFileReference; fileEncoding = 4; lastKnownFileType = sourcecode.swift; path = CommonItemVC.swift; sourceTree = "<group>"; };
		1F4AE8D21B53FDE700E67C63 /* dingwei.playground */ = {isa = PBXFileReference; lastKnownFileType = file.playground; path = dingwei.playground; sourceTree = "<group>"; };
		1F4B4B7C1B32AEE000265C6B /* reserveTableViewCell.swift */ = {isa = PBXFileReference; fileEncoding = 4; lastKnownFileType = sourcecode.swift; path = reserveTableViewCell.swift; sourceTree = "<group>"; };
		1F4B4B7D1B32AEE000265C6B /* reserveTableViewController.swift */ = {isa = PBXFileReference; fileEncoding = 4; lastKnownFileType = sourcecode.swift; path = reserveTableViewController.swift; sourceTree = "<group>"; };
		1F4B4B7E1B32AEE000265C6B /* reserveViewController.swift */ = {isa = PBXFileReference; fileEncoding = 4; lastKnownFileType = sourcecode.swift; path = reserveViewController.swift; sourceTree = "<group>"; };
		1F4B4B821B32B25B00265C6B /* CollectionTVC.swift */ = {isa = PBXFileReference; fileEncoding = 4; lastKnownFileType = sourcecode.swift; path = CollectionTVC.swift; sourceTree = "<group>"; };
		1F5216ED1B2989EC00EFE2C6 /* DetailVC.swift */ = {isa = PBXFileReference; fileEncoding = 4; lastKnownFileType = sourcecode.swift; path = DetailVC.swift; sourceTree = "<group>"; };
		1F53AD431B7E2A0F007BA581 /* MapKit.framework */ = {isa = PBXFileReference; lastKnownFileType = wrapper.framework; name = MapKit.framework; path = System/Library/Frameworks/MapKit.framework; sourceTree = SDKROOT; };
		1F55B21A1B7D8FBE00B4D655 /* CoreLocation.framework */ = {isa = PBXFileReference; lastKnownFileType = wrapper.framework; name = CoreLocation.framework; path = System/Library/Frameworks/CoreLocation.framework; sourceTree = SDKROOT; };
		1F606FD91B243CDD009901E3 /* libsqlite3.0.dylib */ = {isa = PBXFileReference; lastKnownFileType = "compiled.mach-o.dylib"; name = libsqlite3.0.dylib; path = usr/lib/libsqlite3.0.dylib; sourceTree = SDKROOT; };
		1F65B82A1B3AE14C0051270E /* Maintwo.swift */ = {isa = PBXFileReference; fileEncoding = 4; lastKnownFileType = sourcecode.swift; path = Maintwo.swift; sourceTree = "<group>"; };
		1F67F3AF1B4A7157008F5FA9 /* Playground.playground */ = {isa = PBXFileReference; lastKnownFileType = file.playground; path = Playground.playground; sourceTree = "<group>"; };
		1F68E1171B808598002DBE33 /* SystemConfiguration.framework */ = {isa = PBXFileReference; lastKnownFileType = wrapper.framework; name = SystemConfiguration.framework; path = System/Library/Frameworks/SystemConfiguration.framework; sourceTree = SDKROOT; };
		1F68E1191B8085A1002DBE33 /* QuartzCore.framework */ = {isa = PBXFileReference; lastKnownFileType = wrapper.framework; name = QuartzCore.framework; path = System/Library/Frameworks/QuartzCore.framework; sourceTree = SDKROOT; };
		1F68E11B1B8085B1002DBE33 /* libz.dylib */ = {isa = PBXFileReference; lastKnownFileType = "compiled.mach-o.dylib"; name = libz.dylib; path = usr/lib/libz.dylib; sourceTree = SDKROOT; };
		1F68E11D1B8085BF002DBE33 /* CoreText.framework */ = {isa = PBXFileReference; lastKnownFileType = wrapper.framework; name = CoreText.framework; path = System/Library/Frameworks/CoreText.framework; sourceTree = SDKROOT; };
		1F68E11F1B8085CB002DBE33 /* CoreTelephony.framework */ = {isa = PBXFileReference; lastKnownFileType = wrapper.framework; name = CoreTelephony.framework; path = System/Library/Frameworks/CoreTelephony.framework; sourceTree = SDKROOT; };
		1F68E1211B8085D7002DBE33 /* Foundation.framework */ = {isa = PBXFileReference; lastKnownFileType = wrapper.framework; name = Foundation.framework; path = System/Library/Frameworks/Foundation.framework; sourceTree = SDKROOT; };
		1F68E1231B8085E4002DBE33 /* CoreGraphics.framework */ = {isa = PBXFileReference; lastKnownFileType = wrapper.framework; name = CoreGraphics.framework; path = System/Library/Frameworks/CoreGraphics.framework; sourceTree = SDKROOT; };
		1F68E1251B8085F8002DBE33 /* UIKit.framework */ = {isa = PBXFileReference; lastKnownFileType = wrapper.framework; name = UIKit.framework; path = System/Library/Frameworks/UIKit.framework; sourceTree = SDKROOT; };
		1F7974DB1B2E79100052EED2 /* BusinessDVC.swift */ = {isa = PBXFileReference; fileEncoding = 4; lastKnownFileType = sourcecode.swift; path = BusinessDVC.swift; sourceTree = "<group>"; };
		1F7974F11B2EA90B0052EED2 /* WebVC.swift */ = {isa = PBXFileReference; fileEncoding = 4; lastKnownFileType = sourcecode.swift; path = WebVC.swift; sourceTree = "<group>"; };
		1F7975121B2EC1840052EED2 /* LoginVC.swift */ = {isa = PBXFileReference; fileEncoding = 4; lastKnownFileType = sourcecode.swift; path = LoginVC.swift; sourceTree = "<group>"; };
		1F7A38D21B08E47800776F4F /* MainVC.swift */ = {isa = PBXFileReference; fileEncoding = 4; lastKnownFileType = sourcecode.swift; path = MainVC.swift; sourceTree = "<group>"; wrapsLines = 0; };
		1F84A9631B71A7B500FE8B85 /* Register.swift */ = {isa = PBXFileReference; fileEncoding = 4; lastKnownFileType = sourcecode.swift; path = Register.swift; sourceTree = "<group>"; };
		1F84A9651B71E32300FE8B85 /* PackageOrder.swift */ = {isa = PBXFileReference; fileEncoding = 4; lastKnownFileType = sourcecode.swift; path = PackageOrder.swift; sourceTree = "<group>"; };
		1F84A9681B71E7C100FE8B85 /* CommonOrder.swift */ = {isa = PBXFileReference; fileEncoding = 4; lastKnownFileType = sourcecode.swift; path = CommonOrder.swift; sourceTree = "<group>"; };
		1F84A96A1B7239D800FE8B85 /* PayVC.swift */ = {isa = PBXFileReference; fileEncoding = 4; lastKnownFileType = sourcecode.swift; path = PayVC.swift; sourceTree = "<group>"; };
		1F84A96C1B72406500FE8B85 /* OrderData.swift */ = {isa = PBXFileReference; fileEncoding = 4; lastKnownFileType = sourcecode.swift; path = OrderData.swift; sourceTree = "<group>"; };
		1F84A96E1B72E63A00FE8B85 /* EvaluateVC.swift */ = {isa = PBXFileReference; fileEncoding = 4; lastKnownFileType = sourcecode.swift; path = EvaluateVC.swift; sourceTree = "<group>"; };
		1F84A9701B737C4D00FE8B85 /* CommentVC.swift */ = {isa = PBXFileReference; fileEncoding = 4; lastKnownFileType = sourcecode.swift; path = CommentVC.swift; sourceTree = "<group>"; };
		1F84A9761B7384C700FE8B85 /* CommentTCell.swift */ = {isa = PBXFileReference; fileEncoding = 4; lastKnownFileType = sourcecode.swift; path = CommentTCell.swift; sourceTree = "<group>"; };
		1F8FE1C61B58941B00D3B877 /* FacilitatorInfo.swift */ = {isa = PBXFileReference; fileEncoding = 4; lastKnownFileType = sourcecode.swift; path = FacilitatorInfo.swift; sourceTree = "<group>"; };
		1F8FE1C81B58AF2E00D3B877 /* faPlayground.playground */ = {isa = PBXFileReference; lastKnownFileType = file.playground; path = faPlayground.playground; sourceTree = "<group>"; };
		1F90056C1B311A6900A63ED5 /* FinishTVController.swift */ = {isa = PBXFileReference; fileEncoding = 4; lastKnownFileType = sourcecode.swift; path = FinishTVController.swift; sourceTree = "<group>"; };
		1F90056D1B311A6900A63ED5 /* FinishViewController.swift */ = {isa = PBXFileReference; fileEncoding = 4; lastKnownFileType = sourcecode.swift; path = FinishViewController.swift; sourceTree = "<group>"; };
		1F90056E1B311A6900A63ED5 /* FinishTVCell.swift */ = {isa = PBXFileReference; fileEncoding = 4; lastKnownFileType = sourcecode.swift; path = FinishTVCell.swift; sourceTree = "<group>"; };
		1F9005721B316DBC00A63ED5 /* workerTableViewCell.swift */ = {isa = PBXFileReference; fileEncoding = 4; lastKnownFileType = sourcecode.swift; path = workerTableViewCell.swift; sourceTree = "<group>"; };
		1F9005731B316DBC00A63ED5 /* workerViewController.swift */ = {isa = PBXFileReference; fileEncoding = 4; lastKnownFileType = sourcecode.swift; path = workerViewController.swift; sourceTree = "<group>"; };
		1F90C2E71B422E27008618B4 /* erweimaViewController.swift */ = {isa = PBXFileReference; fileEncoding = 4; lastKnownFileType = sourcecode.swift; path = erweimaViewController.swift; sourceTree = "<group>"; };
		1F9D21491B7C7E460030516C /* PackageData.swift */ = {isa = PBXFileReference; fileEncoding = 4; lastKnownFileType = sourcecode.swift; path = PackageData.swift; sourceTree = "<group>"; };
		1F9D214B1B7C821D0030516C /* PackaVC.swift */ = {isa = PBXFileReference; fileEncoding = 4; lastKnownFileType = sourcecode.swift; path = PackaVC.swift; sourceTree = "<group>"; };
		1FA1045B1B85A93700BD9AC5 /* APAuthV2Info.m */ = {isa = PBXFileReference; fileEncoding = 4; lastKnownFileType = sourcecode.c.objc; path = APAuthV2Info.m; sourceTree = "<group>"; };
		1FA1045C1B85A93700BD9AC5 /* APAuthV2Info.h */ = {isa = PBXFileReference; fileEncoding = 4; lastKnownFileType = sourcecode.c.h; path = APAuthV2Info.h; sourceTree = "<group>"; };
		1FA1045D1B85A93700BD9AC5 /* Order.h */ = {isa = PBXFileReference; fileEncoding = 4; lastKnownFileType = sourcecode.c.h; path = Order.h; sourceTree = "<group>"; };
		1FA1045E1B85A93700BD9AC5 /* Order.m */ = {isa = PBXFileReference; fileEncoding = 4; lastKnownFileType = sourcecode.c.objc; path = Order.m; sourceTree = "<group>"; };
		1FA104611B85A94F00BD9AC5 /* AlipayMethod.h */ = {isa = PBXFileReference; fileEncoding = 4; lastKnownFileType = sourcecode.c.h; path = AlipayMethod.h; sourceTree = "<group>"; };
		1FA104621B85A94F00BD9AC5 /* AlipayMethod.m */ = {isa = PBXFileReference; fileEncoding = 4; lastKnownFileType = sourcecode.c.objc; path = AlipayMethod.m; sourceTree = "<group>"; };
		1FA104631B85A94F00BD9AC5 /* PayInfo.h */ = {isa = PBXFileReference; fileEncoding = 4; lastKnownFileType = sourcecode.c.h; path = PayInfo.h; sourceTree = "<group>"; };
		1FA104641B85A94F00BD9AC5 /* PayInfo.m */ = {isa = PBXFileReference; fileEncoding = 4; lastKnownFileType = sourcecode.c.objc; path = PayInfo.m; sourceTree = "<group>"; };
		1FA104671B85A9A100BD9AC5 /* AlipaySDK.framework */ = {isa = PBXFileReference; lastKnownFileType = wrapper.framework; path = AlipaySDK.framework; sourceTree = "<group>"; };
		1FA104681B85A9A100BD9AC5 /* AlipaySDK.bundle */ = {isa = PBXFileReference; lastKnownFileType = "wrapper.plug-in"; path = AlipaySDK.bundle; sourceTree = "<group>"; };
		1FA1046C1B85A9F700BD9AC5 /* libcrypto.a */ = {isa = PBXFileReference; lastKnownFileType = archive.ar; path = libcrypto.a; sourceTree = "<group>"; };
		1FA1046D1B85A9F700BD9AC5 /* libssl.a */ = {isa = PBXFileReference; lastKnownFileType = archive.ar; path = libssl.a; sourceTree = "<group>"; };
		1FA104721B85AA5400BD9AC5 /* openssl */ = {isa = PBXFileReference; lastKnownFileType = folder; path = openssl; sourceTree = "<group>"; };
		1FA104741B85AADE00BD9AC5 /* Util */ = {isa = PBXFileReference; lastKnownFileType = folder; path = Util; sourceTree = "<group>"; };
		1FA104761B85AB0800BD9AC5 /* DataSigner.h */ = {isa = PBXFileReference; lastKnownFileType = sourcecode.c.h; name = DataSigner.h; path = SHW/Util/DataSigner.h; sourceTree = "<group>"; };
		1FA104771B85AB0800BD9AC5 /* DataSigner.m */ = {isa = PBXFileReference; lastKnownFileType = sourcecode.c.objc; name = DataSigner.m; path = SHW/Util/DataSigner.m; sourceTree = "<group>"; };
		1FA104781B85AB0800BD9AC5 /* DataVerifier.h */ = {isa = PBXFileReference; lastKnownFileType = sourcecode.c.h; name = DataVerifier.h; path = SHW/Util/DataVerifier.h; sourceTree = "<group>"; };
		1FA104791B85AB0800BD9AC5 /* DataVerifier.m */ = {isa = PBXFileReference; lastKnownFileType = sourcecode.c.objc; name = DataVerifier.m; path = SHW/Util/DataVerifier.m; sourceTree = "<group>"; };
		1FA1047A1B85AB0800BD9AC5 /* RSADataSigner.h */ = {isa = PBXFileReference; lastKnownFileType = sourcecode.c.h; name = RSADataSigner.h; path = SHW/Util/RSADataSigner.h; sourceTree = "<group>"; };
		1FA1047B1B85AB0800BD9AC5 /* RSADataSigner.m */ = {isa = PBXFileReference; lastKnownFileType = sourcecode.c.objc; name = RSADataSigner.m; path = SHW/Util/RSADataSigner.m; sourceTree = "<group>"; };
		1FA1047C1B85AB0800BD9AC5 /* RSADataVerifier.h */ = {isa = PBXFileReference; lastKnownFileType = sourcecode.c.h; name = RSADataVerifier.h; path = SHW/Util/RSADataVerifier.h; sourceTree = "<group>"; };
		1FA1047D1B85AB0800BD9AC5 /* RSADataVerifier.m */ = {isa = PBXFileReference; lastKnownFileType = sourcecode.c.objc; name = RSADataVerifier.m; path = SHW/Util/RSADataVerifier.m; sourceTree = "<group>"; };
		1FA104861B85AB4D00BD9AC5 /* base64.h */ = {isa = PBXFileReference; lastKnownFileType = sourcecode.c.h; name = base64.h; path = SHW/Util/base64.h; sourceTree = "<group>"; };
		1FA104871B85AB4D00BD9AC5 /* base64.m */ = {isa = PBXFileReference; lastKnownFileType = sourcecode.c.objc; name = base64.m; path = SHW/Util/base64.m; sourceTree = "<group>"; };
		1FA104881B85AB4D00BD9AC5 /* config.h */ = {isa = PBXFileReference; lastKnownFileType = sourcecode.c.h; name = config.h; path = SHW/Util/config.h; sourceTree = "<group>"; };
		1FA104891B85AB4D00BD9AC5 /* DataSigner.h */ = {isa = PBXFileReference; lastKnownFileType = sourcecode.c.h; name = DataSigner.h; path = SHW/Util/DataSigner.h; sourceTree = "<group>"; };
		1FA1048A1B85AB4D00BD9AC5 /* DataSigner.m */ = {isa = PBXFileReference; lastKnownFileType = sourcecode.c.objc; name = DataSigner.m; path = SHW/Util/DataSigner.m; sourceTree = "<group>"; };
		1FA1048B1B85AB4D00BD9AC5 /* DataVerifier.h */ = {isa = PBXFileReference; lastKnownFileType = sourcecode.c.h; name = DataVerifier.h; path = SHW/Util/DataVerifier.h; sourceTree = "<group>"; };
		1FA1048C1B85AB4D00BD9AC5 /* DataVerifier.m */ = {isa = PBXFileReference; lastKnownFileType = sourcecode.c.objc; name = DataVerifier.m; path = SHW/Util/DataVerifier.m; sourceTree = "<group>"; };
		1FA1048D1B85AB4D00BD9AC5 /* MD5DataSigner.h */ = {isa = PBXFileReference; lastKnownFileType = sourcecode.c.h; name = MD5DataSigner.h; path = SHW/Util/MD5DataSigner.h; sourceTree = "<group>"; };
		1FA1048E1B85AB4D00BD9AC5 /* MD5DataSigner.m */ = {isa = PBXFileReference; lastKnownFileType = sourcecode.c.objc; name = MD5DataSigner.m; path = SHW/Util/MD5DataSigner.m; sourceTree = "<group>"; };
		1FA1048F1B85AB4D00BD9AC5 /* NSDataEx.h */ = {isa = PBXFileReference; lastKnownFileType = sourcecode.c.h; name = NSDataEx.h; path = SHW/Util/NSDataEx.h; sourceTree = "<group>"; };
		1FA104901B85AB4D00BD9AC5 /* NSDataEx.m */ = {isa = PBXFileReference; lastKnownFileType = sourcecode.c.objc; name = NSDataEx.m; path = SHW/Util/NSDataEx.m; sourceTree = "<group>"; };
		1FA104911B85AB4D00BD9AC5 /* openssl_wrapper.h */ = {isa = PBXFileReference; lastKnownFileType = sourcecode.c.h; name = openssl_wrapper.h; path = SHW/Util/openssl_wrapper.h; sourceTree = "<group>"; };
		1FA104921B85AB4D00BD9AC5 /* openssl_wrapper.m */ = {isa = PBXFileReference; lastKnownFileType = sourcecode.c.objc; name = openssl_wrapper.m; path = SHW/Util/openssl_wrapper.m; sourceTree = "<group>"; };
		1FA91D561B591D240093BE58 /* MainVCdata.swift */ = {isa = PBXFileReference; fileEncoding = 4; lastKnownFileType = sourcecode.swift; path = MainVCdata.swift; sourceTree = "<group>"; };
		1FA91D5C1B593D280093BE58 /* reserveData.swift */ = {isa = PBXFileReference; fileEncoding = 4; lastKnownFileType = sourcecode.swift; path = reserveData.swift; sourceTree = "<group>"; };
		1FAC76A51BA26F4F00ABCB6E /* LeftViewController.swift */ = {isa = PBXFileReference; fileEncoding = 4; lastKnownFileType = sourcecode.swift; path = LeftViewController.swift; sourceTree = "<group>"; };
		1FAE5FBF1BAF13DB00C86F3A /* YHPickView.m */ = {isa = PBXFileReference; fileEncoding = 4; lastKnownFileType = sourcecode.c.objc; path = YHPickView.m; sourceTree = "<group>"; };
		1FAE5FC11BAF13DB00C86F3A /* YHPickView.h */ = {isa = PBXFileReference; fileEncoding = 4; lastKnownFileType = sourcecode.c.h; path = YHPickView.h; sourceTree = "<group>"; };
		1FAE5FCB1BAF2BEA00C86F3A /* icon.png */ = {isa = PBXFileReference; lastKnownFileType = image.png; path = icon.png; sourceTree = "<group>"; };
		1FAE5FD11BAF322B00C86F3A /* Images.xcassets */ = {isa = PBXFileReference; lastKnownFileType = folder.assetcatalog; path = Images.xcassets; sourceTree = "<group>"; };
		1FAE5FE21BB1021C00C86F3A /* test.mm */ = {isa = PBXFileReference; explicitFileType = sourcecode.cpp.objcpp; fileEncoding = 4; path = test.mm; sourceTree = "<group>"; };
		1FAE5FE41BB19F2F00C86F3A /* mapapi.bundle */ = {isa = PBXFileReference; lastKnownFileType = "wrapper.plug-in"; name = mapapi.bundle; path = BaiduMapSDK/BaiduMapAPI.framework/Resources/mapapi.bundle; sourceTree = "<group>"; };
		1FAE5FE61BB19F4700C86F3A /* BaiduMapAPI.framework */ = {isa = PBXFileReference; lastKnownFileType = wrapper.framework; name = BaiduMapAPI.framework; path = BaiduMapSDK/BaiduMapAPI.framework; sourceTree = "<group>"; };
		1FAE5FE81BB19FBD00C86F3A /* beifen.swift */ = {isa = PBXFileReference; fileEncoding = 4; lastKnownFileType = sourcecode.swift; path = beifen.swift; sourceTree = "<group>"; };
		1FAE5FEA1BB24EB800C86F3A /* Security.framework */ = {isa = PBXFileReference; lastKnownFileType = wrapper.framework; name = Security.framework; path = System/Library/Frameworks/Security.framework; sourceTree = SDKROOT; };
		1FAE5FEC1BB286CA00C86F3A /* icon_120.png */ = {isa = PBXFileReference; lastKnownFileType = image.png; path = icon_120.png; sourceTree = "<group>"; };
		1FAE5FEE1BB28A5700C86F3A /* LaunchImage.png */ = {isa = PBXFileReference; lastKnownFileType = image.png; path = LaunchImage.png; sourceTree = "<group>"; };
		1FAE5FF61BB28EAD00C86F3A /* Base */ = {isa = PBXFileReference; lastKnownFileType = file.xib; name = Base; path = Base.lproj/LaunchScreen.xib; sourceTree = "<group>"; };
		1FAE5FF81BB2943B00C86F3A /* Launch7_2X.png */ = {isa = PBXFileReference; lastKnownFileType = image.png; path = Launch7_2X.png; sourceTree = "<group>"; };
		1FAE5FF91BB2943B00C86F3A /* Launch8_4.7.png */ = {isa = PBXFileReference; lastKnownFileType = image.png; path = Launch8_4.7.png; sourceTree = "<group>"; };
		1FAE5FFA1BB2943B00C86F3A /* Launch8_5.5.png */ = {isa = PBXFileReference; lastKnownFileType = image.png; path = Launch8_5.5.png; sourceTree = "<group>"; };
		1FAE5FFB1BB2943B00C86F3A /* LaunchHD_5.5.png */ = {isa = PBXFileReference; lastKnownFileType = image.png; path = LaunchHD_5.5.png; sourceTree = "<group>"; };
		1FAE5FFC1BB2943B00C86F3A /* LaunchHD_retina.png */ = {isa = PBXFileReference; lastKnownFileType = image.png; path = LaunchHD_retina.png; sourceTree = "<group>"; };
		1FAE60071BB2948400C86F3A /* Images-2.xcassets */ = {isa = PBXFileReference; lastKnownFileType = folder.assetcatalog; path = "Images-2.xcassets"; sourceTree = "<group>"; };
		1FC530051BA94D95006B1A7C /* HYBImageLoader.swift */ = {isa = PBXFileReference; fileEncoding = 4; lastKnownFileType = sourcecode.swift; path = HYBImageLoader.swift; sourceTree = "<group>"; };
		1FC530061BA94D95006B1A7C /* HYBLoadingImageView.swift */ = {isa = PBXFileReference; fileEncoding = 4; lastKnownFileType = sourcecode.swift; path = HYBLoadingImageView.swift; sourceTree = "<group>"; };
		1FC5300D1BA96C7D006B1A7C /* ZYHWebImage.swift */ = {isa = PBXFileReference; fileEncoding = 4; lastKnownFileType = sourcecode.swift; path = ZYHWebImage.swift; sourceTree = "<group>"; };
		1FC5300E1BA96C7D006B1A7C /* ZYHWebImageChcheCenter.swift */ = {isa = PBXFileReference; fileEncoding = 4; lastKnownFileType = sourcecode.swift; path = ZYHWebImageChcheCenter.swift; sourceTree = "<group>"; };
		1FC5307B1BAACEA1006B1A7C /* NSString+URL.h */ = {isa = PBXFileReference; fileEncoding = 4; lastKnownFileType = sourcecode.c.h; path = "NSString+URL.h"; sourceTree = "<group>"; };
		1FC5307C1BAACEA1006B1A7C /* NSString+URL.m */ = {isa = PBXFileReference; fileEncoding = 4; lastKnownFileType = sourcecode.c.objc; path = "NSString+URL.m"; sourceTree = "<group>"; };
		1FC5307E1BABD80A006B1A7C /* RefundVC.swift */ = {isa = PBXFileReference; fileEncoding = 4; lastKnownFileType = sourcecode.swift; path = RefundVC.swift; sourceTree = "<group>"; };
		1FC530801BAC267F006B1A7C /* AlterRefund.swift */ = {isa = PBXFileReference; fileEncoding = 4; lastKnownFileType = sourcecode.swift; path = AlterRefund.swift; sourceTree = "<group>"; };
		1FC530821BAC5FA8006B1A7C /* RefundDetailVC.swift */ = {isa = PBXFileReference; fileEncoding = 4; lastKnownFileType = sourcecode.swift; path = RefundDetailVC.swift; sourceTree = "<group>"; };
		1FCA00D41B4BFA1800A5EE51 /* finishiorder.swift */ = {isa = PBXFileReference; fileEncoding = 4; lastKnownFileType = sourcecode.swift; path = finishiorder.swift; sourceTree = "<group>"; };
		F806DA641B083CAF00BA6DCD /* SHW.app */ = {isa = PBXFileReference; explicitFileType = wrapper.application; includeInIndex = 0; path = SHW.app; sourceTree = BUILT_PRODUCTS_DIR; };
		F806DA681B083CAF00BA6DCD /* Info.plist */ = {isa = PBXFileReference; lastKnownFileType = text.plist.xml; path = Info.plist; sourceTree = "<group>"; };
		F806DA691B083CAF00BA6DCD /* AppDelegate.swift */ = {isa = PBXFileReference; lastKnownFileType = sourcecode.swift; path = AppDelegate.swift; sourceTree = "<group>"; };
		F806DA791B083CAF00BA6DCD /* SHWTests.xctest */ = {isa = PBXFileReference; explicitFileType = wrapper.cfbundle; includeInIndex = 0; path = SHWTests.xctest; sourceTree = BUILT_PRODUCTS_DIR; };
		F806DA7E1B083CAF00BA6DCD /* Info.plist */ = {isa = PBXFileReference; lastKnownFileType = text.plist.xml; path = Info.plist; sourceTree = "<group>"; };
		F806DA7F1B083CAF00BA6DCD /* SHWTests.swift */ = {isa = PBXFileReference; lastKnownFileType = sourcecode.swift; path = SHWTests.swift; sourceTree = "<group>"; };
		F862F2921B08A05A001093D3 /* CollectCell.swift */ = {isa = PBXFileReference; fileEncoding = 4; lastKnownFileType = sourcecode.swift; path = CollectCell.swift; sourceTree = "<group>"; };
		F862F29C1B08A100001093D3 /* AllDate.swift */ = {isa = PBXFileReference; fileEncoding = 4; lastKnownFileType = sourcecode.swift; path = AllDate.swift; sourceTree = "<group>"; };
/* End PBXFileReference section */

/* Begin PBXFrameworksBuildPhase section */
		F806DA611B083CAF00BA6DCD /* Frameworks */ = {
			isa = PBXFrameworksBuildPhase;
			buildActionMask = 2147483647;
			files = (
				1FAE5FEB1BB24EB800C86F3A /* Security.framework in Frameworks */,
				1FAE5FE71BB19F4700C86F3A /* BaiduMapAPI.framework in Frameworks */,
				1FA104691B85A9A100BD9AC5 /* AlipaySDK.framework in Frameworks */,
				1FA1046B1B85A9B400BD9AC5 /* AlipaySDK.bundle in Frameworks */,
				1FA1046F1B85A9F700BD9AC5 /* libssl.a in Frameworks */,
				1F68E1261B8085F8002DBE33 /* UIKit.framework in Frameworks */,
				1F68E1241B8085E4002DBE33 /* CoreGraphics.framework in Frameworks */,
				1F68E1221B8085D7002DBE33 /* Foundation.framework in Frameworks */,
				1F68E1201B8085CB002DBE33 /* CoreTelephony.framework in Frameworks */,
				1F68E11E1B8085BF002DBE33 /* CoreText.framework in Frameworks */,
				1F68E11C1B8085B1002DBE33 /* libz.dylib in Frameworks */,
				1F68E11A1B8085A1002DBE33 /* QuartzCore.framework in Frameworks */,
				1F68E1181B808598002DBE33 /* SystemConfiguration.framework in Frameworks */,
				1FA1046E1B85A9F700BD9AC5 /* libcrypto.a in Frameworks */,
				1F53AD441B7E2A0F007BA581 /* MapKit.framework in Frameworks */,
				1F55B21B1B7D8FBE00B4D655 /* CoreLocation.framework in Frameworks */,
			);
			runOnlyForDeploymentPostprocessing = 0;
		};
		F806DA761B083CAF00BA6DCD /* Frameworks */ = {
			isa = PBXFrameworksBuildPhase;
			buildActionMask = 2147483647;
			files = (
			);
			runOnlyForDeploymentPostprocessing = 0;
		};
/* End PBXFrameworksBuildPhase section */

/* Begin PBXGroup section */
		1F10BE0D1B65BB1F00F028CB /* New Group */ = {
			isa = PBXGroup;
			children = (
				1F18FC601BF0D39200608B37 /* area.plist */,
				1F10BE0E1B65BB2E00F028CB /* MyPlayground.playground */,
			);
			name = "New Group";
			sourceTree = "<group>";
		};
		1F15F1041B20268E00BC9299 /* Business */ = {
			isa = PBXGroup;
			children = (
				1F7974F31B2EAB2D0052EED2 /* ReserveOrder */,
				1F7974DB1B2E79100052EED2 /* BusinessDVC.swift */,
				1F15F1051B2026FA00BC9299 /* BusinessVC.swift */,
				1F8FE1C61B58941B00D3B877 /* FacilitatorInfo.swift */,
				1F9D21491B7C7E460030516C /* PackageData.swift */,
				1F15F1071B2027B300BC9299 /* BusinessCell.swift */,
				1F9D214B1B7C821D0030516C /* PackaVC.swift */,
				1FAC76A51BA26F4F00ABCB6E /* LeftViewController.swift */,
			);
			name = Business;
			sourceTree = "<group>";
		};
		1F15F10D1B20770900BC9299 /* Order */ = {
			isa = PBXGroup;
			children = (
				1F84A9651B71E32300FE8B85 /* PackageOrder.swift */,
				1F380C6C1B6AE8E10076ABB7 /* OrderDetailVC.swift */,
				1F84A9681B71E7C100FE8B85 /* CommonOrder.swift */,
				1F84A96A1B7239D800FE8B85 /* PayVC.swift */,
				1F84A96C1B72406500FE8B85 /* OrderData.swift */,
				1F84A96E1B72E63A00FE8B85 /* EvaluateVC.swift */,
			);
			name = Order;
			sourceTree = "<group>";
		};
		1F4879DF1B397E9C00897048 /* item */ = {
			isa = PBXGroup;
			children = (
				1F42B0741B5CED6300FB5BF3 /* ServiceItemData.swift */,
				1F483D7F1B5DD36B00E8A871 /* CommonItemVC.swift */,
				1F380C6A1B6AE44C0076ABB7 /* PackageItemVC.swift */,
			);
			name = item;
			sourceTree = "<group>";
		};
		1F606FDD1B246305009901E3 /* Collection */ = {
			isa = PBXGroup;
			children = (
				F862F2921B08A05A001093D3 /* CollectCell.swift */,
				1F4B4B821B32B25B00265C6B /* CollectionTVC.swift */,
				1F47814D1B59F86C002FFECD /* CollectionData.swift */,
				1F4342F71B6079860005B59B /* CollectionVC.swift */,
			);
			name = Collection;
			sourceTree = "<group>";
		};
		1F68E12C1B8098FA002DBE33 /* Frameworks */ = {
			isa = PBXGroup;
			children = (
				1FAE5FEA1BB24EB800C86F3A /* Security.framework */,
				1FA1046C1B85A9F700BD9AC5 /* libcrypto.a */,
				1FA1046D1B85A9F700BD9AC5 /* libssl.a */,
				1FA104671B85A9A100BD9AC5 /* AlipaySDK.framework */,
				1FA104681B85A9A100BD9AC5 /* AlipaySDK.bundle */,
				1F606FD91B243CDD009901E3 /* libsqlite3.0.dylib */,
				1F55B21A1B7D8FBE00B4D655 /* CoreLocation.framework */,
				1F53AD431B7E2A0F007BA581 /* MapKit.framework */,
				1F68E11B1B8085B1002DBE33 /* libz.dylib */,
				1F68E1171B808598002DBE33 /* SystemConfiguration.framework */,
				1F68E1191B8085A1002DBE33 /* QuartzCore.framework */,
				1F68E11D1B8085BF002DBE33 /* CoreText.framework */,
				1F68E11F1B8085CB002DBE33 /* CoreTelephony.framework */,
				1F68E1211B8085D7002DBE33 /* Foundation.framework */,
				1F68E1231B8085E4002DBE33 /* CoreGraphics.framework */,
				1F68E1251B8085F8002DBE33 /* UIKit.framework */,
			);
			name = Frameworks;
			sourceTree = "<group>";
		};
		1F7974DD1B2E9E650052EED2 /* FinishedOrder */ = {
			isa = PBXGroup;
			children = (
				1F90056E1B311A6900A63ED5 /* FinishTVCell.swift */,
				1F90056C1B311A6900A63ED5 /* FinishTVController.swift */,
				1F90056D1B311A6900A63ED5 /* FinishViewController.swift */,
				1FCA00D41B4BFA1800A5EE51 /* finishiorder.swift */,
				1FC5307E1BABD80A006B1A7C /* RefundVC.swift */,
				1FC530801BAC267F006B1A7C /* AlterRefund.swift */,
				1FC530821BAC5FA8006B1A7C /* RefundDetailVC.swift */,
			);
			name = FinishedOrder;
			sourceTree = "<group>";
		};
		1F7974F01B2EA8C80052EED2 /* WebOrder */ = {
			isa = PBXGroup;
			children = (
				1F7974F11B2EA90B0052EED2 /* WebVC.swift */,
			);
			name = WebOrder;
			sourceTree = "<group>";
		};
		1F7974F31B2EAB2D0052EED2 /* ReserveOrder */ = {
			isa = PBXGroup;
			children = (
				1F4B4B7C1B32AEE000265C6B /* reserveTableViewCell.swift */,
				1F4B4B7D1B32AEE000265C6B /* reserveTableViewController.swift */,
				1F4B4B7E1B32AEE000265C6B /* reserveViewController.swift */,
				1FA91D5C1B593D280093BE58 /* reserveData.swift */,
			);
			name = ReserveOrder;
			sourceTree = "<group>";
		};
		1F7974F41B2EAD1E0052EED2 /* workwer */ = {
			isa = PBXGroup;
			children = (
				1F9005721B316DBC00A63ED5 /* workerTableViewCell.swift */,
				1F46A1751B5B7675000F455B /* WorkerVC.swift */,
				1F9005731B316DBC00A63ED5 /* workerViewController.swift */,
				1F46A1771B5B77E2000F455B /* ServantData.swift */,
				1F84A9701B737C4D00FE8B85 /* CommentVC.swift */,
				1F84A9761B7384C700FE8B85 /* CommentTCell.swift */,
			);
			name = workwer;
			sourceTree = "<group>";
		};
		1F7975031B2EB8680052EED2 /* MyInfor */ = {
			isa = PBXGroup;
			children = (
				1FAE5FB91BAF054900C86F3A /* PickerView */,
				1F380C421B6901E40076ABB7 /* ChangeHeadPictureVC.swift */,
				1F7975121B2EC1840052EED2 /* LoginVC.swift */,
				1F84A9631B71A7B500FE8B85 /* Register.swift */,
				1F380C3C1B68792E0076ABB7 /* BaseInfoVC.swift */,
				1F380C3E1B687D7C0076ABB7 /* MyInfoData.swift */,
				1F380C401B68E0480076ABB7 /* InfoListVC.swift */,
				1F380C441B6902000076ABB7 /* ChangePasswordVC.swift */,
			);
			name = MyInfor;
			sourceTree = "<group>";
		};
		1FA1045A1B85A8F100BD9AC5 /* pay */ = {
			isa = PBXGroup;
			children = (
				1FA104611B85A94F00BD9AC5 /* AlipayMethod.h */,
				1FA104621B85A94F00BD9AC5 /* AlipayMethod.m */,
				1FA104631B85A94F00BD9AC5 /* PayInfo.h */,
				1FA104641B85A94F00BD9AC5 /* PayInfo.m */,
				1FA1045B1B85A93700BD9AC5 /* APAuthV2Info.m */,
				1FA1045C1B85A93700BD9AC5 /* APAuthV2Info.h */,
				1FA1045D1B85A93700BD9AC5 /* Order.h */,
				1FA1045E1B85A93700BD9AC5 /* Order.m */,
			);
			name = pay;
			sourceTree = "<group>";
		};
		1FAE5FB91BAF054900C86F3A /* PickerView */ = {
			isa = PBXGroup;
			children = (
				1FAE5FBF1BAF13DB00C86F3A /* YHPickView.m */,
				1FAE5FC11BAF13DB00C86F3A /* YHPickView.h */,
			);
			name = PickerView;
			sourceTree = "<group>";
		};
		1FAE5FC81BAF2A7400C86F3A /* picture */ = {
			isa = PBXGroup;
			children = (
				1FAE5FF81BB2943B00C86F3A /* Launch7_2X.png */,
				1FAE5FF91BB2943B00C86F3A /* Launch8_4.7.png */,
				1FAE5FFA1BB2943B00C86F3A /* Launch8_5.5.png */,
				1FAE5FFB1BB2943B00C86F3A /* LaunchHD_5.5.png */,
				1FAE5FFC1BB2943B00C86F3A /* LaunchHD_retina.png */,
				1FAE5FEE1BB28A5700C86F3A /* LaunchImage.png */,
				1FAE5FEC1BB286CA00C86F3A /* icon_120.png */,
				1FAE5FCB1BAF2BEA00C86F3A /* icon.png */,
			);
			name = picture;
			sourceTree = "<group>";
		};
		1FAE5FD61BB0E63900C86F3A /* Resource */ = {
			isa = PBXGroup;
			children = (
				1FAE5FE61BB19F4700C86F3A /* BaiduMapAPI.framework */,
				1FAE5FE41BB19F2F00C86F3A /* mapapi.bundle */,
			);
			name = Resource;
			sourceTree = "<group>";
		};
		F806DA5B1B083CAF00BA6DCD = {
			isa = PBXGroup;
			children = (
				1FAE5FD61BB0E63900C86F3A /* Resource */,
				1FAE5FC81BAF2A7400C86F3A /* picture */,
				1FA104861B85AB4D00BD9AC5 /* base64.h */,
				1FA104871B85AB4D00BD9AC5 /* base64.m */,
				1FA104881B85AB4D00BD9AC5 /* config.h */,
				1FA104891B85AB4D00BD9AC5 /* DataSigner.h */,
				1FA1048A1B85AB4D00BD9AC5 /* DataSigner.m */,
				1FA1048B1B85AB4D00BD9AC5 /* DataVerifier.h */,
				1FA1048C1B85AB4D00BD9AC5 /* DataVerifier.m */,
				1FA1048D1B85AB4D00BD9AC5 /* MD5DataSigner.h */,
				1FA1048E1B85AB4D00BD9AC5 /* MD5DataSigner.m */,
				1FA1048F1B85AB4D00BD9AC5 /* NSDataEx.h */,
				1FA104901B85AB4D00BD9AC5 /* NSDataEx.m */,
				1FA104911B85AB4D00BD9AC5 /* openssl_wrapper.h */,
				1FA104921B85AB4D00BD9AC5 /* openssl_wrapper.m */,
				1FA104761B85AB0800BD9AC5 /* DataSigner.h */,
				1FA104771B85AB0800BD9AC5 /* DataSigner.m */,
				1FA104781B85AB0800BD9AC5 /* DataVerifier.h */,
				1FA104791B85AB0800BD9AC5 /* DataVerifier.m */,
				1FA1047A1B85AB0800BD9AC5 /* RSADataSigner.h */,
				1FA1047B1B85AB0800BD9AC5 /* RSADataSigner.m */,
				1FA1047C1B85AB0800BD9AC5 /* RSADataVerifier.h */,
				1FA1047D1B85AB0800BD9AC5 /* RSADataVerifier.m */,
				1F68E12C1B8098FA002DBE33 /* Frameworks */,
				F806DA661B083CAF00BA6DCD /* SHW */,
				F806DA7C1B083CAF00BA6DCD /* SHWTests */,
				F806DA651B083CAF00BA6DCD /* Products */,
			);
			sourceTree = "<group>";
		};
		F806DA651B083CAF00BA6DCD /* Products */ = {
			isa = PBXGroup;
			children = (
				F806DA641B083CAF00BA6DCD /* SHW.app */,
				F806DA791B083CAF00BA6DCD /* SHWTests.xctest */,
			);
			name = Products;
			sourceTree = "<group>";
		};
		F806DA661B083CAF00BA6DCD /* SHW */ = {
			isa = PBXGroup;
			children = (
				1FAE5FF51BB28EAD00C86F3A /* LaunchScreen.xib */,
				1FAE5FD11BAF322B00C86F3A /* Images.xcassets */,
				1FA104741B85AADE00BD9AC5 /* Util */,
				1FA104721B85AA5400BD9AC5 /* openssl */,
				1FA1045A1B85A8F100BD9AC5 /* pay */,
				1F380C621B69CA430076ABB7 /* JSDropDownMenu.h */,
				1F15F0FF1B20244200BC9299 /* Main.storyboard */,
				1F90C2E71B422E27008618B4 /* erweimaViewController.swift */,
				1F380C631B69CA430076ABB7 /* JSDropDownMenu.m */,
				1F7A38D21B08E47800776F4F /* MainVC.swift */,
				1FAE5FE81BB19FBD00C86F3A /* beifen.swift */,
				F806DA691B083CAF00BA6DCD /* AppDelegate.swift */,
				1F4478781B9FEAE300ED8B8A /* u4.png */,
				1F44786E1B9E7F0B00ED8B8A /* check.png */,
				1F65B82A1B3AE14C0051270E /* Maintwo.swift */,
				1FA91D561B591D240093BE58 /* MainVCdata.swift */,
				F862F29C1B08A100001093D3 /* AllDate.swift */,
				1F7974F41B2EAD1E0052EED2 /* workwer */,
				1F15F1041B20268E00BC9299 /* Business */,
				1F4879DF1B397E9C00897048 /* item */,
				1F7974DD1B2E9E650052EED2 /* FinishedOrder */,
				1F606FDD1B246305009901E3 /* Collection */,
				1F7975031B2EB8680052EED2 /* MyInfor */,
				1F15F10D1B20770900BC9299 /* Order */,
				1F7974F01B2EA8C80052EED2 /* WebOrder */,
				F806DA671B083CAF00BA6DCD /* Supporting Files */,
				1F5216ED1B2989EC00EFE2C6 /* DetailVC.swift */,
				1F67F3AF1B4A7157008F5FA9 /* Playground.playground */,
				1F8FE1C81B58AF2E00D3B877 /* faPlayground.playground */,
				1F380C681B6A4E1A0076ABB7 /* testTableViewController.swift */,
				1FAE60071BB2948400C86F3A /* Images-2.xcassets */,
			);
			path = SHW;
			sourceTree = "<group>";
		};
		F806DA671B083CAF00BA6DCD /* Supporting Files */ = {
			isa = PBXGroup;
			children = (
				1FC5307B1BAACEA1006B1A7C /* NSString+URL.h */,
				1FC5307C1BAACEA1006B1A7C /* NSString+URL.m */,
				1FC5300D1BA96C7D006B1A7C /* ZYHWebImage.swift */,
				1FC5300E1BA96C7D006B1A7C /* ZYHWebImageChcheCenter.swift */,
				1FC530051BA94D95006B1A7C /* HYBImageLoader.swift */,
				1FC530061BA94D95006B1A7C /* HYBLoadingImageView.swift */,
				1F4478761B9E834000ED8B8A /* LocationViewController.swift */,
				1F4478741B9E832E00ED8B8A /* CityModel.swift */,
				1F4478701B9E831900ED8B8A /* city.js */,
				1F4478711B9E831900ED8B8A /* CityHandle.swift */,
				1F380C611B69C9CD0076ABB7 /* OCContainerHeader.h */,
				1F380C4E1B69BD2A0076ABB7 /* ico_make.png */,
				1F10BE0D1B65BB1F00F028CB /* New Group */,
				F806DA681B083CAF00BA6DCD /* Info.plist */,
				1F4AE8D21B53FDE700E67C63 /* dingwei.playground */,
				1FAE5FE21BB1021C00C86F3A /* test.mm */,
			);
			name = "Supporting Files";
			sourceTree = "<group>";
		};
		F806DA7C1B083CAF00BA6DCD /* SHWTests */ = {
			isa = PBXGroup;
			children = (
				F806DA7F1B083CAF00BA6DCD /* SHWTests.swift */,
				F806DA7D1B083CAF00BA6DCD /* Supporting Files */,
			);
			path = SHWTests;
			sourceTree = "<group>";
		};
		F806DA7D1B083CAF00BA6DCD /* Supporting Files */ = {
			isa = PBXGroup;
			children = (
				F806DA7E1B083CAF00BA6DCD /* Info.plist */,
			);
			name = "Supporting Files";
			sourceTree = "<group>";
		};
/* End PBXGroup section */

/* Begin PBXNativeTarget section */
		F806DA631B083CAF00BA6DCD /* SHW */ = {
			isa = PBXNativeTarget;
			buildConfigurationList = F806DA831B083CAF00BA6DCD /* Build configuration list for PBXNativeTarget "SHW" */;
			buildPhases = (
				F806DA601B083CAF00BA6DCD /* Sources */,
				F806DA611B083CAF00BA6DCD /* Frameworks */,
				F806DA621B083CAF00BA6DCD /* Resources */,
			);
			buildRules = (
			);
			dependencies = (
			);
			name = SHW;
			productName = SHW;
			productReference = F806DA641B083CAF00BA6DCD /* SHW.app */;
			productType = "com.apple.product-type.application";
		};
		F806DA781B083CAF00BA6DCD /* SHWTests */ = {
			isa = PBXNativeTarget;
			buildConfigurationList = F806DA861B083CAF00BA6DCD /* Build configuration list for PBXNativeTarget "SHWTests" */;
			buildPhases = (
				F806DA751B083CAF00BA6DCD /* Sources */,
				F806DA761B083CAF00BA6DCD /* Frameworks */,
				F806DA771B083CAF00BA6DCD /* Resources */,
			);
			buildRules = (
			);
			dependencies = (
				F806DA7B1B083CAF00BA6DCD /* PBXTargetDependency */,
			);
			name = SHWTests;
			productName = SHWTests;
			productReference = F806DA791B083CAF00BA6DCD /* SHWTests.xctest */;
			productType = "com.apple.product-type.bundle.unit-test";
		};
/* End PBXNativeTarget section */

/* Begin PBXProject section */
		F806DA5C1B083CAF00BA6DCD /* Project object */ = {
			isa = PBXProject;
			attributes = {
				LastSwiftUpdateCheck = 0710;
				LastUpgradeCheck = 0630;
				ORGANIZATIONNAME = star;
				TargetAttributes = {
					F806DA631B083CAF00BA6DCD = {
						CreatedOnToolsVersion = 6.3.1;
						DevelopmentTeam = 63DDTS8PP5;
					};
					F806DA781B083CAF00BA6DCD = {
						CreatedOnToolsVersion = 6.3.1;
						DevelopmentTeam = 63DDTS8PP5;
						TestTargetID = F806DA631B083CAF00BA6DCD;
					};
				};
			};
			buildConfigurationList = F806DA5F1B083CAF00BA6DCD /* Build configuration list for PBXProject "SHW" */;
			compatibilityVersion = "Xcode 3.2";
			developmentRegion = English;
			hasScannedForEncodings = 0;
			knownRegions = (
				en,
				Base,
			);
			mainGroup = F806DA5B1B083CAF00BA6DCD;
			productRefGroup = F806DA651B083CAF00BA6DCD /* Products */;
			projectDirPath = "";
			projectRoot = "";
			targets = (
				F806DA631B083CAF00BA6DCD /* SHW */,
				F806DA781B083CAF00BA6DCD /* SHWTests */,
			);
		};
/* End PBXProject section */

/* Begin PBXResourcesBuildPhase section */
		F806DA621B083CAF00BA6DCD /* Resources */ = {
			isa = PBXResourcesBuildPhase;
			buildActionMask = 2147483647;
			files = (
				1FAE5FEF1BB28A5700C86F3A /* LaunchImage.png in Resources */,
				1F4478791B9FEAE300ED8B8A /* u4.png in Resources */,
				1FA1046A1B85A9A100BD9AC5 /* AlipaySDK.bundle in Resources */,
				1F15F1011B20244200BC9299 /* Main.storyboard in Resources */,
				1F4478721B9E831900ED8B8A /* city.js in Resources */,
				1FAE60031BB2943B00C86F3A /* LaunchHD_5.5.png in Resources */,
				1FAE5FD21BAF322B00C86F3A /* Images.xcassets in Resources */,
				1FA104751B85AADE00BD9AC5 /* Util in Resources */,
				1FAE5FCC1BAF2BEA00C86F3A /* icon.png in Resources */,
				1F44786F1B9E7F0B00ED8B8A /* check.png in Resources */,
				1FAE60051BB2943B00C86F3A /* LaunchHD_retina.png in Resources */,
				1F18FC611BF0D39200608B37 /* area.plist in Resources */,
				1FAE5FE51BB19F2F00C86F3A /* mapapi.bundle in Resources */,
				1FAE5FF71BB28EAD00C86F3A /* LaunchScreen.xib in Resources */,
				1FAE5FED1BB286CA00C86F3A /* icon_120.png in Resources */,
				1F380C511B69BD2A0076ABB7 /* ico_make.png in Resources */,
				1FAE5FFF1BB2943B00C86F3A /* Launch8_4.7.png in Resources */,
				1FA104731B85AA5400BD9AC5 /* openssl in Resources */,
				1FAE60011BB2943B00C86F3A /* Launch8_5.5.png in Resources */,
				1FAE60081BB2948400C86F3A /* Images-2.xcassets in Resources */,
				1FAE5FFD1BB2943B00C86F3A /* Launch7_2X.png in Resources */,
			);
			runOnlyForDeploymentPostprocessing = 0;
		};
		F806DA771B083CAF00BA6DCD /* Resources */ = {
			isa = PBXResourcesBuildPhase;
			buildActionMask = 2147483647;
			files = (
				1FAE5FFE1BB2943B00C86F3A /* Launch7_2X.png in Resources */,
				1FAE60041BB2943B00C86F3A /* LaunchHD_5.5.png in Resources */,
				1FAE60021BB2943B00C86F3A /* Launch8_5.5.png in Resources */,
				1FAE60001BB2943B00C86F3A /* Launch8_4.7.png in Resources */,
				1FAE60061BB2943B00C86F3A /* LaunchHD_retina.png in Resources */,
			);
			runOnlyForDeploymentPostprocessing = 0;
		};
/* End PBXResourcesBuildPhase section */

/* Begin PBXSourcesBuildPhase section */
		F806DA601B083CAF00BA6DCD /* Sources */ = {
			isa = PBXSourcesBuildPhase;
			buildActionMask = 2147483647;
			files = (
				1FAE5FDB1BB1006900C86F3A /* check.png in Sources */,
				1FA104931B85AB4D00BD9AC5 /* base64.h in Sources */,
				1FA104941B85AB4D00BD9AC5 /* base64.m in Sources */,
				1FA104951B85AB4D00BD9AC5 /* config.h in Sources */,
				1FA1047E1B85AB0800BD9AC5 /* DataSigner.h in Sources */,
				1FA1047F1B85AB0800BD9AC5 /* DataSigner.m in Sources */,
				1FA104801B85AB0800BD9AC5 /* DataVerifier.h in Sources */,
				1FA104811B85AB0800BD9AC5 /* DataVerifier.m in Sources */,
				1FC5307D1BAACEA1006B1A7C /* NSString+URL.m in Sources */,
				1FC530811BAC267F006B1A7C /* AlterRefund.swift in Sources */,
				1FA104961B85AB4D00BD9AC5 /* MD5DataSigner.h in Sources */,
				1FA104971B85AB4D00BD9AC5 /* MD5DataSigner.m in Sources */,
				1FA104981B85AB4D00BD9AC5 /* NSDataEx.h in Sources */,
				1FA104991B85AB4D00BD9AC5 /* NSDataEx.m in Sources */,
				1FA1049A1B85AB4D00BD9AC5 /* openssl_wrapper.h in Sources */,
				1FA1049B1B85AB4D00BD9AC5 /* openssl_wrapper.m in Sources */,
				1FA104821B85AB0800BD9AC5 /* RSADataSigner.h in Sources */,
				1FA104831B85AB0800BD9AC5 /* RSADataSigner.m in Sources */,
				1FA104841B85AB0800BD9AC5 /* RSADataVerifier.h in Sources */,
				1FA104851B85AB0800BD9AC5 /* RSADataVerifier.m in Sources */,
				1F49906A1B8492AA004B4733 /* OCContainerHeader.h in Sources */,
				1F90056F1B311A6900A63ED5 /* FinishTVController.swift in Sources */,
				1FC530101BA96C7D006B1A7C /* ZYHWebImageChcheCenter.swift in Sources */,
				F862F2961B08A05A001093D3 /* CollectCell.swift in Sources */,
				1F4478751B9E832E00ED8B8A /* CityModel.swift in Sources */,
				1F4B4B811B32AEE000265C6B /* reserveViewController.swift in Sources */,
				1FC5307F1BABD80A006B1A7C /* RefundVC.swift in Sources */,
				1FAE5FC21BAF13DB00C86F3A /* YHPickView.m in Sources */,
				1FC530081BA94D95006B1A7C /* HYBLoadingImageView.swift in Sources */,
				1F380C641B69CA430076ABB7 /* JSDropDownMenu.m in Sources */,
				1FC5300F1BA96C7D006B1A7C /* ZYHWebImage.swift in Sources */,
				1F380C6D1B6AE8E10076ABB7 /* OrderDetailVC.swift in Sources */,
				1F9005701B311A6900A63ED5 /* FinishViewController.swift in Sources */,
				1F47814E1B59F86C002FFECD /* CollectionData.swift in Sources */,
				1F84A9711B737C4D00FE8B85 /* CommentVC.swift in Sources */,
				1F84A9661B71E32300FE8B85 /* PackageOrder.swift in Sources */,
				F862F29D1B08A100001093D3 /* AllDate.swift in Sources */,
				1F380C451B6902000076ABB7 /* ChangePasswordVC.swift in Sources */,
				1F65B82B1B3AE14C0051270E /* Maintwo.swift in Sources */,
				1F84A9691B71E7C100FE8B85 /* CommonOrder.swift in Sources */,
				F806DA6A1B083CAF00BA6DCD /* AppDelegate.swift in Sources */,
				1F5216EE1B2989EC00EFE2C6 /* DetailVC.swift in Sources */,
				1F380C6B1B6AE44C0076ABB7 /* PackageItemVC.swift in Sources */,
				1F15F1081B2027B300BC9299 /* BusinessCell.swift in Sources */,
				1FA91D5D1B593D280093BE58 /* reserveData.swift in Sources */,
				1F7974F21B2EA90B0052EED2 /* WebVC.swift in Sources */,
				1FA104661B85A94F00BD9AC5 /* PayInfo.m in Sources */,
				1F15F1061B2026FA00BC9299 /* BusinessVC.swift in Sources */,
				1F9005761B316DBC00A63ED5 /* workerViewController.swift in Sources */,
				1F4B4B7F1B32AEE000265C6B /* reserveTableViewCell.swift in Sources */,
				1F84A96D1B72406500FE8B85 /* OrderData.swift in Sources */,
				1F380C431B6901E40076ABB7 /* ChangeHeadPictureVC.swift in Sources */,
				1F380C3F1B687D7C0076ABB7 /* MyInfoData.swift in Sources */,
				1F8FE1C71B58941B00D3B877 /* FacilitatorInfo.swift in Sources */,
				1F9005751B316DBC00A63ED5 /* workerTableViewCell.swift in Sources */,
				1F46A1761B5B7675000F455B /* WorkerVC.swift in Sources */,
				1F4478771B9E834100ED8B8A /* LocationViewController.swift in Sources */,
				1FAE5FE31BB1021C00C86F3A /* test.mm in Sources */,
				1F7974DC1B2E79100052EED2 /* BusinessDVC.swift in Sources */,
				1FA104601B85A93700BD9AC5 /* Order.m in Sources */,
				1F84A96F1B72E63A00FE8B85 /* EvaluateVC.swift in Sources */,
				1F4B4B801B32AEE000265C6B /* reserveTableViewController.swift in Sources */,
				1FA104651B85A94F00BD9AC5 /* AlipayMethod.m in Sources */,
				1FC530071BA94D95006B1A7C /* HYBImageLoader.swift in Sources */,
				1F90C2E81B422E27008618B4 /* erweimaViewController.swift in Sources */,
				1FA1045F1B85A93700BD9AC5 /* APAuthV2Info.m in Sources */,
				1F4478731B9E831900ED8B8A /* CityHandle.swift in Sources */,
				1F380C3D1B68792E0076ABB7 /* BaseInfoVC.swift in Sources */,
				1F380C691B6A4E1A0076ABB7 /* testTableViewController.swift in Sources */,
				1FC530831BAC5FA8006B1A7C /* RefundDetailVC.swift in Sources */,
				1F483D801B5DD36B00E8A871 /* CommonItemVC.swift in Sources */,
				1F46A1781B5B77E2000F455B /* ServantData.swift in Sources */,
				1F84A9771B7384C700FE8B85 /* CommentTCell.swift in Sources */,
				1FA91D571B591D240093BE58 /* MainVCdata.swift in Sources */,
				1F42B0751B5CED6300FB5BF3 /* ServiceItemData.swift in Sources */,
				1F9005711B311A6900A63ED5 /* FinishTVCell.swift in Sources */,
				1F9D214C1B7C821D0030516C /* PackaVC.swift in Sources */,
				1F4B4B831B32B25B00265C6B /* CollectionTVC.swift in Sources */,
				1FAC76A61BA26F4F00ABCB6E /* LeftViewController.swift in Sources */,
				1F84A96B1B7239D800FE8B85 /* PayVC.swift in Sources */,
				1F84A9641B71A7B500FE8B85 /* Register.swift in Sources */,
				1F9D214A1B7C7E460030516C /* PackageData.swift in Sources */,
				1F7A38D31B08E47800776F4F /* MainVC.swift in Sources */,
				1F7975141B2EC1840052EED2 /* LoginVC.swift in Sources */,
				1F380C411B68E0480076ABB7 /* InfoListVC.swift in Sources */,
				1FAE5FE91BB19FBD00C86F3A /* beifen.swift in Sources */,
				1FCA00D51B4BFA1800A5EE51 /* finishiorder.swift in Sources */,
				1F4342F81B6079860005B59B /* CollectionVC.swift in Sources */,
			);
			runOnlyForDeploymentPostprocessing = 0;
		};
		F806DA751B083CAF00BA6DCD /* Sources */ = {
			isa = PBXSourcesBuildPhase;
			buildActionMask = 2147483647;
			files = (
				F806DA801B083CAF00BA6DCD /* SHWTests.swift in Sources */,
			);
			runOnlyForDeploymentPostprocessing = 0;
		};
/* End PBXSourcesBuildPhase section */

/* Begin PBXTargetDependency section */
		F806DA7B1B083CAF00BA6DCD /* PBXTargetDependency */ = {
			isa = PBXTargetDependency;
			target = F806DA631B083CAF00BA6DCD /* SHW */;
			targetProxy = F806DA7A1B083CAF00BA6DCD /* PBXContainerItemProxy */;
		};
/* End PBXTargetDependency section */

/* Begin PBXVariantGroup section */
		1F15F0FF1B20244200BC9299 /* Main.storyboard */ = {
			isa = PBXVariantGroup;
			children = (
				1F15F1001B20244200BC9299 /* Base */,
			);
			name = Main.storyboard;
			sourceTree = "<group>";
		};
		1FAE5FF51BB28EAD00C86F3A /* LaunchScreen.xib */ = {
			isa = PBXVariantGroup;
			children = (
				1FAE5FF61BB28EAD00C86F3A /* Base */,
			);
			name = LaunchScreen.xib;
			sourceTree = "<group>";
		};
/* End PBXVariantGroup section */

/* Begin XCBuildConfiguration section */
		F806DA811B083CAF00BA6DCD /* Debug */ = {
			isa = XCBuildConfiguration;
			buildSettings = {
				ALWAYS_SEARCH_USER_PATHS = NO;
				CLANG_CXX_LANGUAGE_STANDARD = "gnu++0x";
				CLANG_CXX_LIBRARY = "libc++";
				CLANG_ENABLE_MODULES = YES;
				CLANG_ENABLE_OBJC_ARC = YES;
				CLANG_WARN_BOOL_CONVERSION = YES;
				CLANG_WARN_CONSTANT_CONVERSION = YES;
				CLANG_WARN_DIRECT_OBJC_ISA_USAGE = YES_ERROR;
				CLANG_WARN_EMPTY_BODY = YES;
				CLANG_WARN_ENUM_CONVERSION = YES;
				CLANG_WARN_INT_CONVERSION = YES;
				CLANG_WARN_OBJC_ROOT_CLASS = YES_ERROR;
				CLANG_WARN_UNREACHABLE_CODE = YES;
				CLANG_WARN__DUPLICATE_METHOD_MATCH = YES;
				CODE_SIGN_IDENTITY = "iPhone Developer";
				"CODE_SIGN_IDENTITY[sdk=iphoneos*]" = "iPhone Developer: shi zhou (Q5T6B3TCZZ)";
				COPY_PHASE_STRIP = NO;
				DEBUG_INFORMATION_FORMAT = "dwarf-with-dsym";
				ENABLE_STRICT_OBJC_MSGSEND = YES;
				FRAMEWORK_SEARCH_PATHS = (
					"$(PROJECT_DIR)",
					"$(PROJECT_DIR)/BaiduMapSDK",
				);
				GCC_C_LANGUAGE_STANDARD = gnu99;
				GCC_DYNAMIC_NO_PIC = NO;
				GCC_NO_COMMON_BLOCKS = YES;
				GCC_OPTIMIZATION_LEVEL = 0;
				GCC_PREPROCESSOR_DEFINITIONS = (
					"DEBUG=1",
					"$(inherited)",
				);
				GCC_SYMBOLS_PRIVATE_EXTERN = NO;
				GCC_WARN_64_TO_32_BIT_CONVERSION = YES;
				GCC_WARN_ABOUT_RETURN_TYPE = YES_ERROR;
				GCC_WARN_UNDECLARED_SELECTOR = YES;
				GCC_WARN_UNINITIALIZED_AUTOS = YES_AGGRESSIVE;
				GCC_WARN_UNUSED_FUNCTION = YES;
				GCC_WARN_UNUSED_VARIABLE = YES;
				HEADER_SEARCH_PATHS = (
					"$(SRCROOT)/SHW",
					"$(SRCROOT)/SHW/openssl",
				);
				IPHONEOS_DEPLOYMENT_TARGET = 7.0;
				LIBRARY_SEARCH_PATHS = (
					"$(SRCROOT)/SHW",
					"$(SRCROOT)/SHW/BaiduMapSDK",
				);
				MTL_ENABLE_DEBUG_INFO = YES;
				ONLY_ACTIVE_ARCH = YES;
				OTHER_LDFLAGS = "-ObjC";
				PROVISIONING_PROFILE = "5160b4b2-0f3e-42b0-967e-b3895fd46219";
				SDKROOT = iphoneos;
				SWIFT_OBJC_BRIDGING_HEADER = "$(PROJECT_DIR)/SHW/OCContainerHeader.h";
				SWIFT_OPTIMIZATION_LEVEL = "-Onone";
				VALID_ARCHS = "armv7 armv7s arm64";
			};
			name = Debug;
		};
		F806DA821B083CAF00BA6DCD /* Release */ = {
			isa = XCBuildConfiguration;
			buildSettings = {
				ALWAYS_SEARCH_USER_PATHS = NO;
				CLANG_CXX_LANGUAGE_STANDARD = "gnu++0x";
				CLANG_CXX_LIBRARY = "libc++";
				CLANG_ENABLE_MODULES = YES;
				CLANG_ENABLE_OBJC_ARC = YES;
				CLANG_WARN_BOOL_CONVERSION = YES;
				CLANG_WARN_CONSTANT_CONVERSION = YES;
				CLANG_WARN_DIRECT_OBJC_ISA_USAGE = YES_ERROR;
				CLANG_WARN_EMPTY_BODY = YES;
				CLANG_WARN_ENUM_CONVERSION = YES;
				CLANG_WARN_INT_CONVERSION = YES;
				CLANG_WARN_OBJC_ROOT_CLASS = YES_ERROR;
				CLANG_WARN_UNREACHABLE_CODE = YES;
				CLANG_WARN__DUPLICATE_METHOD_MATCH = YES;
				CODE_SIGN_IDENTITY = "iPhone Developer";
				"CODE_SIGN_IDENTITY[sdk=iphoneos*]" = "iPhone Developer: shi zhou (Q5T6B3TCZZ)";
				COPY_PHASE_STRIP = NO;
				DEBUG_INFORMATION_FORMAT = "dwarf-with-dsym";
				ENABLE_NS_ASSERTIONS = NO;
				ENABLE_STRICT_OBJC_MSGSEND = YES;
				FRAMEWORK_SEARCH_PATHS = (
					"$(PROJECT_DIR)",
					"$(PROJECT_DIR)/BaiduMapSDK",
				);
				GCC_C_LANGUAGE_STANDARD = gnu99;
				GCC_NO_COMMON_BLOCKS = YES;
				GCC_WARN_64_TO_32_BIT_CONVERSION = YES;
				GCC_WARN_ABOUT_RETURN_TYPE = YES_ERROR;
				GCC_WARN_UNDECLARED_SELECTOR = YES;
				GCC_WARN_UNINITIALIZED_AUTOS = YES_AGGRESSIVE;
				GCC_WARN_UNUSED_FUNCTION = YES;
				GCC_WARN_UNUSED_VARIABLE = YES;
				HEADER_SEARCH_PATHS = (
					"$(SRCROOT)/SHW",
					"$(SRCROOT)/SHW/openssl",
				);
				IPHONEOS_DEPLOYMENT_TARGET = 7.0;
				LIBRARY_SEARCH_PATHS = (
					"$(SRCROOT)/SHW",
					"$(SRCROOT)/SHW/BaiduMapSDK",
				);
				MTL_ENABLE_DEBUG_INFO = NO;
				OTHER_LDFLAGS = "-ObjC";
				PROVISIONING_PROFILE = "5160b4b2-0f3e-42b0-967e-b3895fd46219";
				SDKROOT = iphoneos;
				SWIFT_OBJC_BRIDGING_HEADER = "$(PROJECT_DIR)/SHW/OCContainerHeader.h";
				VALIDATE_PRODUCT = YES;
				VALID_ARCHS = "armv7 armv7s arm64";
			};
			name = Release;
		};
		F806DA841B083CAF00BA6DCD /* Debug */ = {
			isa = XCBuildConfiguration;
			buildSettings = {
				ASSETCATALOG_COMPILER_LAUNCHIMAGE_NAME = LaunchImage;
				CODE_SIGN_IDENTITY = "iPhone Developer";
				"CODE_SIGN_IDENTITY[sdk=iphoneos*]" = "iPhone Developer";
				FRAMEWORK_SEARCH_PATHS = (
					"$(PROJECT_DIR)",
					"$(PROJECT_DIR)",
					"$(PROJECT_DIR)/BaiduMapSDK",
				);
				HEADER_SEARCH_PATHS = (
					"$(SRCROOT)/SHW",
					"$(SRCROOT)/SHW/openssl",
				);
				INFOPLIST_FILE = SHW/Info.plist;
				IPHONEOS_DEPLOYMENT_TARGET = 7.0;
				LD_RUNPATH_SEARCH_PATHS = "$(inherited) @executable_path/Frameworks";
				LIBRARY_SEARCH_PATHS = (
					"$(PROJECT_DIR)/SHW",
					"$(PROJECT_DIR)",
					"$(SRCROOT)/SHW/BaiduMapSDK",
				);
				ONLY_ACTIVE_ARCH = YES;
				PRODUCT_NAME = "$(TARGET_NAME)";
				PROVISIONING_PROFILE = "";
				SDKROOT = iphoneos;
				SWIFT_OBJC_BRIDGING_HEADER = "$(PROJECT_DIR)/SHW/OCContainerHeader.h";
				SWIFT_OPTIMIZATION_LEVEL = "-Onone";
				VALID_ARCHS = "armv7 armv7s arm64";
			};
			name = Debug;
		};
		F806DA851B083CAF00BA6DCD /* Release */ = {
			isa = XCBuildConfiguration;
			buildSettings = {
				ASSETCATALOG_COMPILER_LAUNCHIMAGE_NAME = LaunchImage;
				CODE_SIGN_IDENTITY = "iPhone Developer";
				"CODE_SIGN_IDENTITY[sdk=*]" = "iPhone Developer: shi zhou (Q5T6B3TCZZ)";
				"CODE_SIGN_IDENTITY[sdk=iphoneos*]" = "iPhone Developer";
				FRAMEWORK_SEARCH_PATHS = (
					"$(PROJECT_DIR)",
					"$(PROJECT_DIR)",
					"$(PROJECT_DIR)/BaiduMapSDK",
				);
				HEADER_SEARCH_PATHS = (
					"$(SRCROOT)/SHW",
					"$(SRCROOT)/SHW/openssl",
				);
				INFOPLIST_FILE = SHW/Info.plist;
				IPHONEOS_DEPLOYMENT_TARGET = 7.0;
				LD_RUNPATH_SEARCH_PATHS = "$(inherited) @executable_path/Frameworks";
				LIBRARY_SEARCH_PATHS = (
					"$(PROJECT_DIR)/SHW",
					"$(PROJECT_DIR)",
					"$(SRCROOT)/SHW/BaiduMapSDK",
				);
				ONLY_ACTIVE_ARCH = NO;
				PRODUCT_NAME = "$(TARGET_NAME)";
				PROVISIONING_PROFILE = "";
				SDKROOT = iphoneos;
				SWIFT_OBJC_BRIDGING_HEADER = "$(PROJECT_DIR)/SHW/OCContainerHeader.h";
				SWIFT_OPTIMIZATION_LEVEL = "-Onone";
				VALID_ARCHS = "armv7 armv7s arm64";
			};
			name = Release;
		};
		F806DA871B083CAF00BA6DCD /* Debug */ = {
			isa = XCBuildConfiguration;
			buildSettings = {
				BUNDLE_LOADER = "$(TEST_HOST)";
				CODE_SIGN_IDENTITY = "iPhone Developer";
				"CODE_SIGN_IDENTITY[sdk=*]" = "iPhone Developer";
				FRAMEWORK_SEARCH_PATHS = (
					"$(SDKROOT)/Developer/Library/Frameworks",
					"$(inherited)",
				);
				GCC_PREPROCESSOR_DEFINITIONS = (
					"DEBUG=1",
					"$(inherited)",
				);
				INFOPLIST_FILE = SHWTests/Info.plist;
				LD_RUNPATH_SEARCH_PATHS = "$(inherited) @executable_path/Frameworks @loader_path/Frameworks";
				PRODUCT_NAME = "$(TARGET_NAME)";
				PROVISIONING_PROFILE = "";
				SWIFT_OBJC_BRIDGING_HEADER = "$(PROJECT_DIR)/SHW/OCContainerHeader.h";
				TEST_HOST = "$(BUILT_PRODUCTS_DIR)/SHW.app/SHW";
			};
			name = Debug;
		};
		F806DA881B083CAF00BA6DCD /* Release */ = {
			isa = XCBuildConfiguration;
			buildSettings = {
				BUNDLE_LOADER = "$(TEST_HOST)";
				CODE_SIGN_IDENTITY = "iPhone Developer";
				"CODE_SIGN_IDENTITY[sdk=iphoneos*]" = "iPhone Developer";
				FRAMEWORK_SEARCH_PATHS = (
					"$(SDKROOT)/Developer/Library/Frameworks",
					"$(inherited)",
				);
				INFOPLIST_FILE = SHWTests/Info.plist;
				LD_RUNPATH_SEARCH_PATHS = "$(inherited) @executable_path/Frameworks @loader_path/Frameworks";
				PRODUCT_NAME = "$(TARGET_NAME)";
				PROVISIONING_PROFILE = "";
				SWIFT_OBJC_BRIDGING_HEADER = "$(PROJECT_DIR)/SHW/OCContainerHeader.h";
				TEST_HOST = "$(BUILT_PRODUCTS_DIR)/SHW.app/SHW";
			};
			name = Release;
		};
/* End XCBuildConfiguration section */

/* Begin XCConfigurationList section */
		F806DA5F1B083CAF00BA6DCD /* Build configuration list for PBXProject "SHW" */ = {
			isa = XCConfigurationList;
			buildConfigurations = (
				F806DA811B083CAF00BA6DCD /* Debug */,
				F806DA821B083CAF00BA6DCD /* Release */,
			);
			defaultConfigurationIsVisible = 0;
			defaultConfigurationName = Release;
		};
		F806DA831B083CAF00BA6DCD /* Build configuration list for PBXNativeTarget "SHW" */ = {
			isa = XCConfigurationList;
			buildConfigurations = (
				F806DA841B083CAF00BA6DCD /* Debug */,
				F806DA851B083CAF00BA6DCD /* Release */,
			);
			defaultConfigurationIsVisible = 0;
			defaultConfigurationName = Release;
		};
		F806DA861B083CAF00BA6DCD /* Build configuration list for PBXNativeTarget "SHWTests" */ = {
			isa = XCConfigurationList;
			buildConfigurations = (
				F806DA871B083CAF00BA6DCD /* Debug */,
				F806DA881B083CAF00BA6DCD /* Release */,
			);
			defaultConfigurationIsVisible = 0;
			defaultConfigurationName = Release;
		};
/* End XCConfigurationList section */
	};
	rootObject = F806DA5C1B083CAF00BA6DCD /* Project object */;
}
