// !$*UTF8*$!
{
	archiveVersion = 1;
	classes = {
	};
	objectVersion = 46;
	objects = {

/* Begin PBXBuildFile section */
		F806DA6A1B083CAF00BA6DCD /* AppDelegate.swift in Sources */ = {isa = PBXBuildFile; fileRef = F806DA691B083CAF00BA6DCD /* AppDelegate.swift */; };
		F806DA6C1B083CAF00BA6DCD /* ViewController.swift in Sources */ = {isa = PBXBuildFile; fileRef = F806DA6B1B083CAF00BA6DCD /* ViewController.swift */; };
		F806DA6F1B083CAF00BA6DCD /* Main.storyboard in Resources */ = {isa = PBXBuildFile; fileRef = F806DA6D1B083CAF00BA6DCD /* Main.storyboard */; };
		F806DA711B083CAF00BA6DCD /* Images.xcassets in Resources */ = {isa = PBXBuildFile; fileRef = F806DA701B083CAF00BA6DCD /* Images.xcassets */; };
		F806DA741B083CAF00BA6DCD /* LaunchScreen.xib in Resources */ = {isa = PBXBuildFile; fileRef = F806DA721B083CAF00BA6DCD /* LaunchScreen.xib */; };
		F806DA801B083CAF00BA6DCD /* SHWTests.swift in Sources */ = {isa = PBXBuildFile; fileRef = F806DA7F1B083CAF00BA6DCD /* SHWTests.swift */; };
/* End PBXBuildFile section */

/* Begin PBXContainerItemProxy section */
		F806DA7A1B083CAF00BA6DCD /* PBXContainerItemProxy */ = {
			isa = PBXContainerItemProxy;
			containerPortal = F806DA5C1B083CAF00BA6DCD /* Project object */;
			proxyType = 1;
			remoteGlobalIDString = F806DA631B083CAF00BA6DCD;
			remoteInfo = SHW;
		};
/* End PBXContainerItemProxy section */

/* Begin PBXFileReference section */
		F806DA641B083CAF00BA6DCD /* SHW.app */ = {isa = PBXFileReference; explicitFileType = wrapper.application; includeInIndex = 0; path = SHW.app; sourceTree = BUILT_PRODUCTS_DIR; };
		F806DA681B083CAF00BA6DCD /* Info.plist */ = {isa = PBXFileReference; lastKnownFileType = text.plist.xml; path = Info.plist; sourceTree = "<group>"; };
		F806DA691B083CAF00BA6DCD /* AppDelegate.swift */ = {isa = PBXFileReference; lastKnownFileType = sourcecode.swift; path = AppDelegate.swift; sourceTree = "<group>"; };
		F806DA6B1B083CAF00BA6DCD /* ViewController.swift */ = {isa = PBXFileReference; lastKnownFileType = sourcecode.swift; path = ViewController.swift; sourceTree = "<group>"; };
		F806DA6E1B083CAF00BA6DCD /* Base */ = {isa = PBXFileReference; lastKnownFileType = file.storyboard; name = Base; path = Base.lproj/Main.storyboard; sourceTree = "<group>"; };
		F806DA701B083CAF00BA6DCD /* Images.xcassets */ = {isa = PBXFileReference; lastKnownFileType = folder.assetcatalog; path = Images.xcassets; sourceTree = "<group>"; };
		F806DA731B083CAF00BA6DCD /* Base */ = {isa = PBXFileReference; lastKnownFileType = file.xib; name = Base; path = Base.lproj/LaunchScreen.xib; sourceTree = "<group>"; };
		F806DA791B083CAF00BA6DCD /* SHWTests.xctest */ = {isa = PBXFileReference; explicitFileType = wrapper.cfbundle; includeInIndex = 0; path = SHWTests.xctest; sourceTree = BUILT_PRODUCTS_DIR; };
		F806DA7E1B083CAF00BA6DCD /* Info.plist */ = {isa = PBXFileReference; lastKnownFileType = text.plist.xml; path = Info.plist; sourceTree = "<group>"; };
		F806DA7F1B083CAF00BA6DCD /* SHWTests.swift */ = {isa = PBXFileReference; lastKnownFileType = sourcecode.swift; path = SHWTests.swift; sourceTree = "<group>"; };
/* End PBXFileReference section */

/* Begin PBXFrameworksBuildPhase section */
		F806DA611B083CAF00BA6DCD /* Frameworks */ = {
			isa = PBXFrameworksBuildPhase;
			buildActionMask = 2147483647;
			files = (
			);
			runOnlyForDeploymentPostprocessing = 0;
		};
		F806DA761B083CAF00BA6DCD /* Frameworks */ = {
			isa = PBXFrameworksBuildPhase;
			buildActionMask = 2147483647;
			files = (
			);
			runOnlyForDeploymentPostprocessing = 0;
		};
/* End PBXFrameworksBuildPhase section */

/* Begin PBXGroup section */
		F806DA5B1B083CAF00BA6DCD = {
			isa = PBXGroup;
			children = (
				F806DA661B083CAF00BA6DCD /* SHW */,
				F806DA7C1B083CAF00BA6DCD /* SHWTests */,
				F806DA651B083CAF00BA6DCD /* Products */,
			);
			sourceTree = "<group>";
		};
		F806DA651B083CAF00BA6DCD /* Products */ = {
			isa = PBXGroup;
			children = (
				F806DA641B083CAF00BA6DCD /* SHW.app */,
				F806DA791B083CAF00BA6DCD /* SHWTests.xctest */,
			);
			name = Products;
			sourceTree = "<group>";
		};
		F806DA661B083CAF00BA6DCD /* SHW */ = {
			isa = PBXGroup;
			children = (
				F806DA691B083CAF00BA6DCD /* AppDelegate.swift */,
				F806DA6B1B083CAF00BA6DCD /* ViewController.swift */,
				F806DA6D1B083CAF00BA6DCD /* Main.storyboard */,
				F806DA701B083CAF00BA6DCD /* Images.xcassets */,
				F806DA721B083CAF00BA6DCD /* LaunchScreen.xib */,
				F806DA671B083CAF00BA6DCD /* Supporting Files */,
			);
			path = SHW;
			sourceTree = "<group>";
		};
		F806DA671B083CAF00BA6DCD /* Supporting Files */ = {
			isa = PBXGroup;
			children = (
				F806DA681B083CAF00BA6DCD /* Info.plist */,
			);
			name = "Supporting Files";
			sourceTree = "<group>";
		};
		F806DA7C1B083CAF00BA6DCD /* SHWTests */ = {
			isa = PBXGroup;
			children = (
				F806DA7F1B083CAF00BA6DCD /* SHWTests.swift */,
				F806DA7D1B083CAF00BA6DCD /* Supporting Files */,
			);
			path = SHWTests;
			sourceTree = "<group>";
		};
		F806DA7D1B083CAF00BA6DCD /* Supporting Files */ = {
			isa = PBXGroup;
			children = (
				F806DA7E1B083CAF00BA6DCD /* Info.plist */,
			);
			name = "Supporting Files";
			sourceTree = "<group>";
		};
/* End PBXGroup section */

/* Begin PBXNativeTarget section */
		F806DA631B083CAF00BA6DCD /* SHW */ = {
			isa = PBXNativeTarget;
			buildConfigurationList = F806DA831B083CAF00BA6DCD /* Build configuration list for PBXNativeTarget "SHW" */;
			buildPhases = (
				F806DA601B083CAF00BA6DCD /* Sources */,
				F806DA611B083CAF00BA6DCD /* Frameworks */,
				F806DA621B083CAF00BA6DCD /* Resources */,
			);
			buildRules = (
			);
			dependencies = (
			);
			name = SHW;
			productName = SHW;
			productReference = F806DA641B083CAF00BA6DCD /* SHW.app */;
			productType = "com.apple.product-type.application";
		};
		F806DA781B083CAF00BA6DCD /* SHWTests */ = {
			isa = PBXNativeTarget;
			buildConfigurationList = F806DA861B083CAF00BA6DCD /* Build configuration list for PBXNativeTarget "SHWTests" */;
			buildPhases = (
				F806DA751B083CAF00BA6DCD /* Sources */,
				F806DA761B083CAF00BA6DCD /* Frameworks */,
				F806DA771B083CAF00BA6DCD /* Resources */,
			);
			buildRules = (
			);
			dependencies = (
				F806DA7B1B083CAF00BA6DCD /* PBXTargetDependency */,
			);
			name = SHWTests;
			productName = SHWTests;
			productReference = F806DA791B083CAF00BA6DCD /* SHWTests.xctest */;
			productType = "com.apple.product-type.bundle.unit-test";
		};
/* End PBXNativeTarget section */

/* Begin PBXProject section */
		F806DA5C1B083CAF00BA6DCD /* Project object */ = {
			isa = PBXProject;
			attributes = {
				LastUpgradeCheck = 0630;
				ORGANIZATIONNAME = star;
				TargetAttributes = {
					F806DA631B083CAF00BA6DCD = {
						CreatedOnToolsVersion = 6.3.1;
					};
					F806DA781B083CAF00BA6DCD = {
						CreatedOnToolsVersion = 6.3.1;
						TestTargetID = F806DA631B083CAF00BA6DCD;
					};
				};
			};
			buildConfigurationList = F806DA5F1B083CAF00BA6DCD /* Build configuration list for PBXProject "SHW" */;
			compatibilityVersion = "Xcode 3.2";
			developmentRegion = English;
			hasScannedForEncodings = 0;
			knownRegions = (
				en,
				Base,
			);
			mainGroup = F806DA5B1B083CAF00BA6DCD;
			productRefGroup = F806DA651B083CAF00BA6DCD /* Products */;
			projectDirPath = "";
			projectRoot = "";
			targets = (
				F806DA631B083CAF00BA6DCD /* SHW */,
				F806DA781B083CAF00BA6DCD /* SHWTests */,
			);
		};
/* End PBXProject section */

/* Begin PBXResourcesBuildPhase section */
		F806DA621B083CAF00BA6DCD /* Resources */ = {
			isa = PBXResourcesBuildPhase;
			buildActionMask = 2147483647;
			files = (
				F806DA6F1B083CAF00BA6DCD /* Main.storyboard in Resources */,
				F806DA741B083CAF00BA6DCD /* LaunchScreen.xib in Resources */,
				F806DA711B083CAF00BA6DCD /* Images.xcassets in Resources */,
			);
			runOnlyForDeploymentPostprocessing = 0;
		};
		F806DA771B083CAF00BA6DCD /* Resources */ = {
			isa = PBXResourcesBuildPhase;
			buildActionMask = 2147483647;
			files = (
			);
			runOnlyForDeploymentPostprocessing = 0;
		};
/* End PBXResourcesBuildPhase section */

/* Begin PBXSourcesBuildPhase section */
		F806DA601B083CAF00BA6DCD /* Sources */ = {
			isa = PBXSourcesBuildPhase;
			buildActionMask = 2147483647;
			files = (
				F806DA6C1B083CAF00BA6DCD /* ViewController.swift in Sources */,
				F806DA6A1B083CAF00BA6DCD /* AppDelegate.swift in Sources */,
			);
			runOnlyForDeploymentPostprocessing = 0;
		};
		F806DA751B083CAF00BA6DCD /* Sources */ = {
			isa = PBXSourcesBuildPhase;
			buildActionMask = 2147483647;
			files = (
				F806DA801B083CAF00BA6DCD /* SHWTests.swift in Sources */,
			);
			runOnlyForDeploymentPostprocessing = 0;
		};
/* End PBXSourcesBuildPhase section */

/* Begin PBXTargetDependency section */
		F806DA7B1B083CAF00BA6DCD /* PBXTargetDependency */ = {
			isa = PBXTargetDependency;
			target = F806DA631B083CAF00BA6DCD /* SHW */;
			targetProxy = F806DA7A1B083CAF00BA6DCD /* PBXContainerItemProxy */;
		};
/* End PBXTargetDependency section */

/* Begin PBXVariantGroup section */
		F806DA6D1B083CAF00BA6DCD /* Main.storyboard */ = {
			isa = PBXVariantGroup;
			children = (
				F806DA6E1B083CAF00BA6DCD /* Base */,
			);
			name = Main.storyboard;
			sourceTree = "<group>";
		};
		F806DA721B083CAF00BA6DCD /* LaunchScreen.xib */ = {
			isa = PBXVariantGroup;
			children = (
				F806DA731B083CAF00BA6DCD /* Base */,
			);
			name = LaunchScreen.xib;
			sourceTree = "<group>";
		};
/* End PBXVariantGroup section */

/* Begin XCBuildConfiguration section */
		F806DA811B083CAF00BA6DCD /* Debug */ = {
			isa = XCBuildConfiguration;
			buildSettings = {
				ALWAYS_SEARCH_USER_PATHS = NO;
				CLANG_CXX_LANGUAGE_STANDARD = "gnu++0x";
				CLANG_CXX_LIBRARY = "libc++";
				CLANG_ENABLE_MODULES = YES;
				CLANG_ENABLE_OBJC_ARC = YES;
				CLANG_WARN_BOOL_CONVERSION = YES;
				CLANG_WARN_CONSTANT_CONVERSION = YES;
				CLANG_WARN_DIRECT_OBJC_ISA_USAGE = YES_ERROR;
				CLANG_WARN_EMPTY_BODY = YES;
				CLANG_WARN_ENUM_CONVERSION = YES;
				CLANG_WARN_INT_CONVERSION = YES;
				CLANG_WARN_OBJC_ROOT_CLASS = YES_ERROR;
				CLANG_WARN_UNREACHABLE_CODE = YES;
				CLANG_WARN__DUPLICATE_METHOD_MATCH = YES;
				"CODE_SIGN_IDENTITY[sdk=iphoneos*]" = "iPhone Developer";
				COPY_PHASE_STRIP = NO;
				DEBUG_INFORMATION_FORMAT = "dwarf-with-dsym";
				ENABLE_STRICT_OBJC_MSGSEND = YES;
				GCC_C_LANGUAGE_STANDARD = gnu99;
				GCC_DYNAMIC_NO_PIC = NO;
				GCC_NO_COMMON_BLOCKS = YES;
				GCC_OPTIMIZATION_LEVEL = 0;
				GCC_PREPROCESSOR_DEFINITIONS = (
					"DEBUG=1",
					"$(inherited)",
				);
				GCC_SYMBOLS_PRIVATE_EXTERN = NO;
				GCC_WARN_64_TO_32_BIT_CONVERSION = YES;
				GCC_WARN_ABOUT_RETURN_TYPE = YES_ERROR;
				GCC_WARN_UNDECLARED_SELECTOR = YES;
				GCC_WARN_UNINITIALIZED_AUTOS = YES_AGGRESSIVE;
				GCC_WARN_UNUSED_FUNCTION = YES;
				GCC_WARN_UNUSED_VARIABLE = YES;
				IPHONEOS_DEPLOYMENT_TARGET = 8.3;
				MTL_ENABLE_DEBUG_INFO = YES;
				ONLY_ACTIVE_ARCH = YES;
				SDKROOT = iphoneos;
				SWIFT_OPTIMIZATION_LEVEL = "-Onone";
			};
			name = Debug;
		};
		F806DA821B083CAF00BA6DCD /* Release */ = {
			isa = XCBuildConfiguration;
			buildSettings = {
				ALWAYS_SEARCH_USER_PATHS = NO;
				CLANG_CXX_LANGUAGE_STANDARD = "gnu++0x";
				CLANG_CXX_LIBRARY = "libc++";
				CLANG_ENABLE_MODULES = YES;
				CLANG_ENABLE_OBJC_ARC = YES;
				CLANG_WARN_BOOL_CONVERSION = YES;
				CLANG_WARN_CONSTANT_CONVERSION = YES;
				CLANG_WARN_DIRECT_OBJC_ISA_USAGE = YES_ERROR;
				CLANG_WARN_EMPTY_BODY = YES;
				CLANG_WARN_ENUM_CONVERSION = YES;
				CLANG_WARN_INT_CONVERSION = YES;
				CLANG_WARN_OBJC_ROOT_CLASS = YES_ERROR;
				CLANG_WARN_UNREACHABLE_CODE = YES;
				CLANG_WARN__DUPLICATE_METHOD_MATCH = YES;
				"CODE_SIGN_IDENTITY[sdk=iphoneos*]" = "iPhone Developer";
				COPY_PHASE_STRIP = NO;
				DEBUG_INFORMATION_FORMAT = "dwarf-with-dsym";
				ENABLE_NS_ASSERTIONS = NO;
				ENABLE_STRICT_OBJC_MSGSEND = YES;
				GCC_C_LANGUAGE_STANDARD = gnu99;
				GCC_NO_COMMON_BLOCKS = YES;
				GCC_WARN_64_TO_32_BIT_CONVERSION = YES;
				GCC_WARN_ABOUT_RETURN_TYPE = YES_ERROR;
				GCC_WARN_UNDECLARED_SELECTOR = YES;
				GCC_WARN_UNINITIALIZED_AUTOS = YES_AGGRESSIVE;
				GCC_WARN_UNUSED_FUNCTION = YES;
				GCC_WARN_UNUSED_VARIABLE = YES;
				IPHONEOS_DEPLOYMENT_TARGET = 8.3;
				MTL_ENABLE_DEBUG_INFO = NO;
				SDKROOT = iphoneos;
				VALIDATE_PRODUCT = YES;
			};
			name = Release;
		};
		F806DA841B083CAF00BA6DCD /* Debug */ = {
			isa = XCBuildConfiguration;
			buildSettings = {
				ASSETCATALOG_COMPILER_APPICON_NAME = AppIcon;
				INFOPLIST_FILE = SHW/Info.plist;
				LD_RUNPATH_SEARCH_PATHS = "$(inherited) @executable_path/Frameworks";
				PRODUCT_NAME = "$(TARGET_NAME)";
			};
			name = Debug;
		};
		F806DA851B083CAF00BA6DCD /* Release */ = {
			isa = XCBuildConfiguration;
			buildSettings = {
				ASSETCATALOG_COMPILER_APPICON_NAME = AppIcon;
				INFOPLIST_FILE = SHW/Info.plist;
				LD_RUNPATH_SEARCH_PATHS = "$(inherited) @executable_path/Frameworks";
				PRODUCT_NAME = "$(TARGET_NAME)";
			};
			name = Release;
		};
		F806DA871B083CAF00BA6DCD /* Debug */ = {
			isa = XCBuildConfiguration;
			buildSettings = {
				BUNDLE_LOADER = "$(TEST_HOST)";
				FRAMEWORK_SEARCH_PATHS = (
					"$(SDKROOT)/Developer/Library/Frameworks",
					"$(inherited)",
				);
				GCC_PREPROCESSOR_DEFINITIONS = (
					"DEBUG=1",
					"$(inherited)",
				);
				INFOPLIST_FILE = SHWTests/Info.plist;
				LD_RUNPATH_SEARCH_PATHS = "$(inherited) @executable_path/Frameworks @loader_path/Frameworks";
				PRODUCT_NAME = "$(TARGET_NAME)";
				TEST_HOST = "$(BUILT_PRODUCTS_DIR)/SHW.app/SHW";
			};
			name = Debug;
		};
		F806DA881B083CAF00BA6DCD /* Release */ = {
			isa = XCBuildConfiguration;
			buildSettings = {
				BUNDLE_LOADER = "$(TEST_HOST)";
				FRAMEWORK_SEARCH_PATHS = (
					"$(SDKROOT)/Developer/Library/Frameworks",
					"$(inherited)",
				);
				INFOPLIST_FILE = SHWTests/Info.plist;
				LD_RUNPATH_SEARCH_PATHS = "$(inherited) @executable_path/Frameworks @loader_path/Frameworks";
				PRODUCT_NAME = "$(TARGET_NAME)";
				TEST_HOST = "$(BUILT_PRODUCTS_DIR)/SHW.app/SHW";
			};
			name = Release;
		};
/* End XCBuildConfiguration section */

/* Begin XCConfigurationList section */
		F806DA5F1B083CAF00BA6DCD /* Build configuration list for PBXProject "SHW" */ = {
			isa = XCConfigurationList;
			buildConfigurations = (
				F806DA811B083CAF00BA6DCD /* Debug */,
				F806DA821B083CAF00BA6DCD /* Release */,
			);
			defaultConfigurationIsVisible = 0;
			defaultConfigurationName = Release;
		};
		F806DA831B083CAF00BA6DCD /* Build configuration list for PBXNativeTarget "SHW" */ = {
			isa = XCConfigurationList;
			buildConfigurations = (
				F806DA841B083CAF00BA6DCD /* Debug */,
				F806DA851B083CAF00BA6DCD /* Release */,
			);
			defaultConfigurationIsVisible = 0;
		};
		F806DA861B083CAF00BA6DCD /* Build configuration list for PBXNativeTarget "SHWTests" */ = {
			isa = XCConfigurationList;
			buildConfigurations = (
				F806DA871B083CAF00BA6DCD /* Debug */,
				F806DA881B083CAF00BA6DCD /* Release */,
			);
			defaultConfigurationIsVisible = 0;
		};
/* End XCConfigurationList section */
	};
	rootObject = F806DA5C1B083CAF00BA6DCD /* Project object */;
}
